// !$*UTF8*$!
{
	archiveVersion = 1;
	classes = {
	};
	objectVersion = 46;
	objects = {

/* Begin PBXBuildFile section */
		11C08E8324A0B31100FA9DED /* StartupPageController.m in Sources */ = {isa = PBXBuildFile; fileRef = 11C08E7424A0B31100FA9DED /* StartupPageController.m */; };
		11C08EE124A1F54500FA9DED /* WXApiManager.m in Sources */ = {isa = PBXBuildFile; fileRef = 11C08EDC24A1F54500FA9DED /* WXApiManager.m */; };
		11C08EE224A1F54500FA9DED /* README.txt in Resources */ = {isa = PBXBuildFile; fileRef = 11C08EDE24A1F54500FA9DED /* README.txt */; };
		11C08EE324A1F54500FA9DED /* libWeChatSDK.a in Frameworks */ = {isa = PBXBuildFile; fileRef = 11C08EE024A1F54500FA9DED /* libWeChatSDK.a */; };
		11C08EE524A1F55C00FA9DED /* libc++.tbd in Frameworks */ = {isa = PBXBuildFile; fileRef = 11C08EE424A1F55C00FA9DED /* libc++.tbd */; };
		11C08EE724A1F5B100FA9DED /* CoreTelephony.framework in Frameworks */ = {isa = PBXBuildFile; fileRef = 11C08EE624A1F5B100FA9DED /* CoreTelephony.framework */; };
		3804AB6A1BA2E89B000F636A /* SystemConfiguration.framework in Frameworks */ = {isa = PBXBuildFile; fileRef = 3804AB691BA2E89B000F636A /* SystemConfiguration.framework */; };
		380678D51BB2F4E0004F79A1 /* libiconv.2.4.0.tbd in Frameworks */ = {isa = PBXBuildFile; fileRef = 380678D41BB2F4E0004F79A1 /* libiconv.2.4.0.tbd */; };
		380678D71BB2F505004F79A1 /* AVFoundation.framework in Frameworks */ = {isa = PBXBuildFile; fileRef = 380678D61BB2F505004F79A1 /* AVFoundation.framework */; };
		380678D91BB2F510004F79A1 /* CoreGraphics.framework in Frameworks */ = {isa = PBXBuildFile; fileRef = 380678D81BB2F510004F79A1 /* CoreGraphics.framework */; };
		380678DB1BB2F53A004F79A1 /* CoreMedia.framework in Frameworks */ = {isa = PBXBuildFile; fileRef = 380678DA1BB2F53A004F79A1 /* CoreMedia.framework */; };
		3816735F1BAD2F9C002BE356 /* libsqlite3.tbd in Frameworks */ = {isa = PBXBuildFile; fileRef = 3816735E1BAD2F9C002BE356 /* libsqlite3.tbd */; };
		38177B5C23B44D4B00FF06D3 /* NSLayoutConstraint+MASDebugAdditions.m in Sources */ = {isa = PBXBuildFile; fileRef = 38177B3A23B44D4B00FF06D3 /* NSLayoutConstraint+MASDebugAdditions.m */; };
		38177B5D23B44D4B00FF06D3 /* ViewController+MASAdditions.m in Sources */ = {isa = PBXBuildFile; fileRef = 38177B4323B44D4B00FF06D3 /* ViewController+MASAdditions.m */; };
		38177B5E23B44D4B00FF06D3 /* MASCompositeConstraint.m in Sources */ = {isa = PBXBuildFile; fileRef = 38177B4723B44D4B00FF06D3 /* MASCompositeConstraint.m */; };
		38177B5F23B44D4B00FF06D3 /* MASConstraintMaker.m in Sources */ = {isa = PBXBuildFile; fileRef = 38177B4823B44D4B00FF06D3 /* MASConstraintMaker.m */; };
		38177B6023B44D4B00FF06D3 /* MASLayoutConstraint.m in Sources */ = {isa = PBXBuildFile; fileRef = 38177B4923B44D4B00FF06D3 /* MASLayoutConstraint.m */; };
		38177B6123B44D4B00FF06D3 /* NSArray+MASAdditions.m in Sources */ = {isa = PBXBuildFile; fileRef = 38177B4A23B44D4B00FF06D3 /* NSArray+MASAdditions.m */; };
		38177B6223B44D4B00FF06D3 /* View+MASAdditions.m in Sources */ = {isa = PBXBuildFile; fileRef = 38177B4B23B44D4B00FF06D3 /* View+MASAdditions.m */; };
		38177B6323B44D4B00FF06D3 /* MASConstraint.m in Sources */ = {isa = PBXBuildFile; fileRef = 38177B4E23B44D4B00FF06D3 /* MASConstraint.m */; };
		38177B6423B44D4B00FF06D3 /* MASViewConstraint.m in Sources */ = {isa = PBXBuildFile; fileRef = 38177B5023B44D4B00FF06D3 /* MASViewConstraint.m */; };
		38177B6523B44D4B00FF06D3 /* MASViewAttribute.m in Sources */ = {isa = PBXBuildFile; fileRef = 38177B5123B44D4B00FF06D3 /* MASViewAttribute.m */; };
		3818A12B1F65E01300C0DCF7 /* MD5File.m in Sources */ = {isa = PBXBuildFile; fileRef = 3818A12A1F65E01300C0DCF7 /* MD5File.m */; };
		3827480F1F0A42B9003DDFF7 /* UIBarButtonItem+Global.m in Sources */ = {isa = PBXBuildFile; fileRef = 382748091F0A42B9003DDFF7 /* UIBarButtonItem+Global.m */; };
		382748101F0A42B9003DDFF7 /* UIImageExt.m in Sources */ = {isa = PBXBuildFile; fileRef = 3827480B1F0A42B9003DDFF7 /* UIImageExt.m */; };
		382748111F0A42B9003DDFF7 /* UIViewController+BackButtonHandler.m in Sources */ = {isa = PBXBuildFile; fileRef = 3827480D1F0A42B9003DDFF7 /* UIViewController+BackButtonHandler.m */; };
		3831555C1ADB740E0024E504 /* QuartzCore.framework in Frameworks */ = {isa = PBXBuildFile; fileRef = 3831555B1ADB740E0024E504 /* QuartzCore.framework */; };
		383521261E65EEF300FAA97A /* MainTabController.m in Sources */ = {isa = PBXBuildFile; fileRef = 383521251E65EEF300FAA97A /* MainTabController.m */; };
		383C163E24A0031D006AD387 /* WKProcessPool.m in Sources */ = {isa = PBXBuildFile; fileRef = 383C163D24A0031D006AD387 /* WKProcessPool.m */; };
		3846F0EC1FC28DE900C13116 /* HelpHeader.m in Sources */ = {isa = PBXBuildFile; fileRef = 3846F0EB1FC28DE900C13116 /* HelpHeader.m */; };
		38503F131FDE365600B41649 /* ExtButtonStyle.m in Sources */ = {isa = PBXBuildFile; fileRef = 38503F121FDE365600B41649 /* ExtButtonStyle.m */; };
		38503F291FDFB3BE00B41649 /* JSONKit.m in Sources */ = {isa = PBXBuildFile; fileRef = 38503F281FDFB3BE00B41649 /* JSONKit.m */; settings = {COMPILER_FLAGS = "-fno-objc-arc"; }; };
		385E64331EA74C6C0058460D /* WebProc.m in Sources */ = {isa = PBXBuildFile; fileRef = 385E64321EA74C6C0058460D /* WebProc.m */; settings = {COMPILER_FLAGS = "-fno-objc-arc"; }; };
		386537D11BBF99B400278D97 /* AddressBook.framework in Frameworks */ = {isa = PBXBuildFile; fileRef = 386537CF1BBF99B400278D97 /* AddressBook.framework */; };
		386537D21BBF99B400278D97 /* AddressBookUI.framework in Frameworks */ = {isa = PBXBuildFile; fileRef = 386537D01BBF99B400278D97 /* AddressBookUI.framework */; };
		386537DA1BBFC20C00278D97 /* Images.xcassets in Resources */ = {isa = PBXBuildFile; fileRef = 386537D91BBFC20C00278D97 /* Images.xcassets */; };
		3878AC471EFA699A004A9DC3 /* Reachability.m in Sources */ = {isa = PBXBuildFile; fileRef = 3878AC461EFA699A004A9DC3 /* Reachability.m */; settings = {COMPILER_FLAGS = "-fno-objc-arc"; }; };
		3878AC4B1EFA69D0004A9DC3 /* Objc_AudioPlay.m in Sources */ = {isa = PBXBuildFile; fileRef = 3878AC4A1EFA69D0004A9DC3 /* Objc_AudioPlay.m */; };
		3878AD9D1EFA6BE6004A9DC3 /* ioapi.c in Sources */ = {isa = PBXBuildFile; fileRef = 3878AD731EFA6BE6004A9DC3 /* ioapi.c */; };
		3878AD9E1EFA6BE6004A9DC3 /* mztools.c in Sources */ = {isa = PBXBuildFile; fileRef = 3878AD751EFA6BE6004A9DC3 /* mztools.c */; };
		3878AD9F1EFA6BE6004A9DC3 /* unzip.c in Sources */ = {isa = PBXBuildFile; fileRef = 3878AD771EFA6BE6004A9DC3 /* unzip.c */; };
		3878ADA01EFA6BE6004A9DC3 /* zip.c in Sources */ = {isa = PBXBuildFile; fileRef = 3878AD791EFA6BE6004A9DC3 /* zip.c */; };
		3878ADA11EFA6BE6004A9DC3 /* FileInZipInfo.m in Sources */ = {isa = PBXBuildFile; fileRef = 3878AD7D1EFA6BE6004A9DC3 /* FileInZipInfo.m */; settings = {COMPILER_FLAGS = "-fno-objc-arc"; }; };
		3878ADA21EFA6BE6004A9DC3 /* ZipException.m in Sources */ = {isa = PBXBuildFile; fileRef = 3878AD7F1EFA6BE6004A9DC3 /* ZipException.m */; settings = {COMPILER_FLAGS = "-fno-objc-arc"; }; };
		3878ADA31EFA6BE6004A9DC3 /* ZipFile.m in Sources */ = {isa = PBXBuildFile; fileRef = 3878AD811EFA6BE6004A9DC3 /* ZipFile.m */; settings = {COMPILER_FLAGS = "-fno-objc-arc"; }; };
		3878ADA41EFA6BE6004A9DC3 /* ZipReadStream.m in Sources */ = {isa = PBXBuildFile; fileRef = 3878AD831EFA6BE6004A9DC3 /* ZipReadStream.m */; settings = {COMPILER_FLAGS = "-fno-objc-arc"; }; };
		3878ADA51EFA6BE6004A9DC3 /* ZipWriteStream.m in Sources */ = {isa = PBXBuildFile; fileRef = 3878AD851EFA6BE6004A9DC3 /* ZipWriteStream.m */; settings = {COMPILER_FLAGS = "-fno-objc-arc"; }; };
		3878ADA61EFA6BE6004A9DC3 /* adler32.c in Sources */ = {isa = PBXBuildFile; fileRef = 3878AD871EFA6BE6004A9DC3 /* adler32.c */; };
		3878ADA71EFA6BE6004A9DC3 /* compress.c in Sources */ = {isa = PBXBuildFile; fileRef = 3878AD881EFA6BE6004A9DC3 /* compress.c */; };
		3878ADA81EFA6BE6004A9DC3 /* crc32.c in Sources */ = {isa = PBXBuildFile; fileRef = 3878AD891EFA6BE6004A9DC3 /* crc32.c */; };
		3878ADA91EFA6BE6004A9DC3 /* deflate.c in Sources */ = {isa = PBXBuildFile; fileRef = 3878AD8B1EFA6BE6004A9DC3 /* deflate.c */; };
		3878ADAA1EFA6BE6004A9DC3 /* gzio.c in Sources */ = {isa = PBXBuildFile; fileRef = 3878AD8D1EFA6BE6004A9DC3 /* gzio.c */; };
		3878ADAB1EFA6BE6004A9DC3 /* infback.c in Sources */ = {isa = PBXBuildFile; fileRef = 3878AD8E1EFA6BE6004A9DC3 /* infback.c */; };
		3878ADAC1EFA6BE6004A9DC3 /* inffast.c in Sources */ = {isa = PBXBuildFile; fileRef = 3878AD8F1EFA6BE6004A9DC3 /* inffast.c */; };
		3878ADAD1EFA6BE6004A9DC3 /* inflate.c in Sources */ = {isa = PBXBuildFile; fileRef = 3878AD921EFA6BE6004A9DC3 /* inflate.c */; };
		3878ADAE1EFA6BE6004A9DC3 /* inftrees.c in Sources */ = {isa = PBXBuildFile; fileRef = 3878AD941EFA6BE6004A9DC3 /* inftrees.c */; };
		3878ADAF1EFA6BE6004A9DC3 /* trees.c in Sources */ = {isa = PBXBuildFile; fileRef = 3878AD961EFA6BE6004A9DC3 /* trees.c */; };
		3878ADB01EFA6BE6004A9DC3 /* uncompr.c in Sources */ = {isa = PBXBuildFile; fileRef = 3878AD981EFA6BE6004A9DC3 /* uncompr.c */; };
		3878ADB11EFA6BE6004A9DC3 /* zutil.c in Sources */ = {isa = PBXBuildFile; fileRef = 3878AD9B1EFA6BE6004A9DC3 /* zutil.c */; };
		3878ADB71EFA6D42004A9DC3 /* ZipController.m in Sources */ = {isa = PBXBuildFile; fileRef = 3878ADB61EFA6D42004A9DC3 /* ZipController.m */; settings = {COMPILER_FLAGS = "-fno-objc-arc"; }; };
		3878ADC71EFA7426004A9DC3 /* AudioToolbox.framework in Frameworks */ = {isa = PBXBuildFile; fileRef = 3878ADC61EFA7426004A9DC3 /* AudioToolbox.framework */; };
		3880129D241D0A3A008F2A8A /* webwk.storyboard in Resources */ = {isa = PBXBuildFile; fileRef = 3880129A241D0A3A008F2A8A /* webwk.storyboard */; };
		3880129E241D0A3A008F2A8A /* IndexController.m in Sources */ = {isa = PBXBuildFile; fileRef = 3880129B241D0A3A008F2A8A /* IndexController.m */; };
		388FE08524237C1B00816625 /* WebController.m in Sources */ = {isa = PBXBuildFile; fileRef = 388FE07824237C1B00816625 /* WebController.m */; };
		388FE08624237C1B00816625 /* WebController.storyboard in Resources */ = {isa = PBXBuildFile; fileRef = 388FE08424237C1B00816625 /* WebController.storyboard */; };
		389028C0246C0D4E00F598B1 /* MyPController.m in Sources */ = {isa = PBXBuildFile; fileRef = 389028BD246C0D4E00F598B1 /* MyPController.m */; };
		389028EC246C175800F598B1 /* EGORefreshTableHeaderView.m in Sources */ = {isa = PBXBuildFile; fileRef = 389028E1246C175800F598B1 /* EGORefreshTableHeaderView.m */; settings = {COMPILER_FLAGS = "-fno-objc-arc"; }; };
		389028ED246C175800F598B1 /* blackArrow.png in Resources */ = {isa = PBXBuildFile; fileRef = 389028E4246C175800F598B1 /* blackArrow.png */; };
		389028EE246C175800F598B1 /* blueArrow@2x.png in Resources */ = {isa = PBXBuildFile; fileRef = 389028E5246C175800F598B1 /* blueArrow@2x.png */; };
		389028EF246C175800F598B1 /* grayArrow.png in Resources */ = {isa = PBXBuildFile; fileRef = 389028E6246C175800F598B1 /* grayArrow.png */; };
		389028F0246C175800F598B1 /* whiteArrow@2x.png in Resources */ = {isa = PBXBuildFile; fileRef = 389028E7246C175800F598B1 /* whiteArrow@2x.png */; };
		389028F1246C175800F598B1 /* whiteArrow.png in Resources */ = {isa = PBXBuildFile; fileRef = 389028E8246C175800F598B1 /* whiteArrow.png */; };
		389028F2246C175800F598B1 /* blackArrow@2x.png in Resources */ = {isa = PBXBuildFile; fileRef = 389028E9246C175800F598B1 /* blackArrow@2x.png */; };
		389028F3246C175800F598B1 /* blueArrow.png in Resources */ = {isa = PBXBuildFile; fileRef = 389028EA246C175800F598B1 /* blueArrow.png */; };
		389028F4246C175800F598B1 /* grayArrow@2x.png in Resources */ = {isa = PBXBuildFile; fileRef = 389028EB246C175800F598B1 /* grayArrow@2x.png */; };
		389029BD246C257800F598B1 /* MJRefresh.framework in Embed Frameworks */ = {isa = PBXBuildFile; fileRef = 389029BC246C256500F598B1 /* MJRefresh.framework */; settings = {ATTRIBUTES = (CodeSignOnCopy, RemoveHeadersOnCopy, ); }; };
		38A76024236008780007714D /* AFNetworking.framework in Frameworks */ = {isa = PBXBuildFile; fileRef = 38A76017236008620007714D /* AFNetworking.framework */; };
		38A76025236008780007714D /* AFNetworking.framework in Embed Frameworks */ = {isa = PBXBuildFile; fileRef = 38A76017236008620007714D /* AFNetworking.framework */; settings = {ATTRIBUTES = (CodeSignOnCopy, RemoveHeadersOnCopy, ); }; };
		38C98D5E24726E5F00A499E5 /* webwk2.storyboard in Resources */ = {isa = PBXBuildFile; fileRef = 38C98D5024726E5F00A499E5 /* webwk2.storyboard */; };
		38C98D6024726E6500A499E5 /* webwk3.storyboard in Resources */ = {isa = PBXBuildFile; fileRef = 38C98D5F24726E6500A499E5 /* webwk3.storyboard */; };
		38C98D732473E22100A499E5 /* AlertCommand.m in Sources */ = {isa = PBXBuildFile; fileRef = 38C98D722473E22100A499E5 /* AlertCommand.m */; };
		38D3C7CB1FAF599800CB8C8F /* McuGlobalParameter.m in Sources */ = {isa = PBXBuildFile; fileRef = 38D3C7CA1FAF599800CB8C8F /* McuGlobalParameter.m */; };
		38E651361F0E478E00301D8E /* SVIndefiniteAnimatedView.m in Sources */ = {isa = PBXBuildFile; fileRef = 38E6512B1F0E478E00301D8E /* SVIndefiniteAnimatedView.m */; };
		38E651371F0E478E00301D8E /* SVProgressAnimatedView.m in Sources */ = {isa = PBXBuildFile; fileRef = 38E6512D1F0E478E00301D8E /* SVProgressAnimatedView.m */; };
		38E651381F0E478E00301D8E /* SVProgressHUD.bundle in Resources */ = {isa = PBXBuildFile; fileRef = 38E6512F1F0E478E00301D8E /* SVProgressHUD.bundle */; };
		38E651391F0E478E00301D8E /* SVProgressHUD.m in Sources */ = {isa = PBXBuildFile; fileRef = 38E651311F0E478E00301D8E /* SVProgressHUD.m */; };
		38E6513A1F0E478E00301D8E /* SVRadialGradientLayer.m in Sources */ = {isa = PBXBuildFile; fileRef = 38E651331F0E478E00301D8E /* SVRadialGradientLayer.m */; };
		38E6513B1F0E478E00301D8E /* UIView+LayerProperty.m in Sources */ = {isa = PBXBuildFile; fileRef = 38E651351F0E478E00301D8E /* UIView+LayerProperty.m */; };
		38E651491F0E520600301D8E /* MBProgressHUD+Add.m in Sources */ = {isa = PBXBuildFile; fileRef = 38E651461F0E520600301D8E /* MBProgressHUD+Add.m */; };
		38E6514A1F0E520600301D8E /* MBProgressHUD.m in Sources */ = {isa = PBXBuildFile; fileRef = 38E651481F0E520600301D8E /* MBProgressHUD.m */; };
		38E8F41C1A86318400561E07 /* main.m in Sources */ = {isa = PBXBuildFile; fileRef = 38E8F41B1A86318400561E07 /* main.m */; };
		38E8F41F1A86318400561E07 /* AppDelegate.m in Sources */ = {isa = PBXBuildFile; fileRef = 38E8F41E1A86318400561E07 /* AppDelegate.m */; };
		38E8F42A1A86318400561E07 /* LaunchScreen.xib in Resources */ = {isa = PBXBuildFile; fileRef = 38E8F4281A86318400561E07 /* LaunchScreen.xib */; };
		38E8F44E1A86474E00561E07 /* InfoPlist.strings in Resources */ = {isa = PBXBuildFile; fileRef = 38E8F44D1A86474E00561E07 /* InfoPlist.strings */; };
		38E8F4501A864EB700561E07 /* Localizable.strings in Resources */ = {isa = PBXBuildFile; fileRef = 38E8F44F1A864EB700561E07 /* Localizable.strings */; };
		38EE72FD1EA64F0F00465632 /* Main.storyboard in Resources */ = {isa = PBXBuildFile; fileRef = 38EE72FB1EA64F0F00465632 /* Main.storyboard */; };
		38EE73081EA64FDD00465632 /* VipController.m in Sources */ = {isa = PBXBuildFile; fileRef = 38EE73071EA64FDD00465632 /* VipController.m */; };
		38F9A439248E6BE100B6AC3A /* JDDeviceUtils.m in Sources */ = {isa = PBXBuildFile; fileRef = 38F9A438248E6BE100B6AC3A /* JDDeviceUtils.m */; };
/* End PBXBuildFile section */

/* Begin PBXContainerItemProxy section */
		389029B7246C256500F598B1 /* PBXContainerItemProxy */ = {
			isa = PBXContainerItemProxy;
			containerPortal = 389029B1246C256400F598B1 /* MJRefreshExample.xcodeproj */;
			proxyType = 2;
			remoteGlobalIDString = 2DA7F9251AA6B4C4005627AB;
			remoteInfo = MJRefreshExample;
		};
		389029B9246C256500F598B1 /* PBXContainerItemProxy */ = {
			isa = PBXContainerItemProxy;
			containerPortal = 389029B1246C256400F598B1 /* MJRefreshExample.xcodeproj */;
			proxyType = 2;
			remoteGlobalIDString = 2DA7F93E1AA6B4C4005627AB;
			remoteInfo = MJRefreshExampleTests;
		};
		389029BB246C256500F598B1 /* PBXContainerItemProxy */ = {
			isa = PBXContainerItemProxy;
			containerPortal = 389029B1246C256400F598B1 /* MJRefreshExample.xcodeproj */;
			proxyType = 2;
			remoteGlobalIDString = 2D9DF4521F7CE29B0042D6DD;
			remoteInfo = MJRefreshFramework;
		};
		38A76016236008620007714D /* PBXContainerItemProxy */ = {
			isa = PBXContainerItemProxy;
			containerPortal = 38A7600C236008620007714D /* AFNetworking.xcodeproj */;
			proxyType = 2;
			remoteGlobalIDString = 299522391BBF104D00859F49;
			remoteInfo = "AFNetworking iOS";
		};
		38A76018236008620007714D /* PBXContainerItemProxy */ = {
			isa = PBXContainerItemProxy;
			containerPortal = 38A7600C236008620007714D /* AFNetworking.xcodeproj */;
			proxyType = 2;
			remoteGlobalIDString = 299522651BBF129200859F49;
			remoteInfo = "AFNetworking watchOS";
		};
		38A7601A236008620007714D /* PBXContainerItemProxy */ = {
			isa = PBXContainerItemProxy;
			containerPortal = 38A7600C236008620007714D /* AFNetworking.xcodeproj */;
			proxyType = 2;
			remoteGlobalIDString = 299522771BBF136400859F49;
			remoteInfo = "AFNetworking OS X";
		};
		38A7601C236008620007714D /* PBXContainerItemProxy */ = {
			isa = PBXContainerItemProxy;
			containerPortal = 38A7600C236008620007714D /* AFNetworking.xcodeproj */;
			proxyType = 2;
			remoteGlobalIDString = 2987B0A51BC408A200179A4C;
			remoteInfo = "AFNetworking tvOS";
		};
		38A7601E236008620007714D /* PBXContainerItemProxy */ = {
			isa = PBXContainerItemProxy;
			containerPortal = 38A7600C236008620007714D /* AFNetworking.xcodeproj */;
			proxyType = 2;
			remoteGlobalIDString = 298D7C3B1BC2C79500FD3B3E;
			remoteInfo = "AFNetworking iOS Tests";
		};
		38A76020236008620007714D /* PBXContainerItemProxy */ = {
			isa = PBXContainerItemProxy;
			containerPortal = 38A7600C236008620007714D /* AFNetworking.xcodeproj */;
			proxyType = 2;
			remoteGlobalIDString = 298D7C4A1BC2C7B200FD3B3E;
			remoteInfo = "AFNetworking Mac OS X Tests";
		};
		38A76022236008620007714D /* PBXContainerItemProxy */ = {
			isa = PBXContainerItemProxy;
			containerPortal = 38A7600C236008620007714D /* AFNetworking.xcodeproj */;
			proxyType = 2;
			remoteGlobalIDString = 2987B0AE1BC408A200179A4C;
			remoteInfo = "AFNetworking tvOS Tests";
		};
		38E8F4301A86318400561E07 /* PBXContainerItemProxy */ = {
			isa = PBXContainerItemProxy;
			containerPortal = 38E8F40E1A86318400561E07 /* Project object */;
			proxyType = 1;
			remoteGlobalIDString = 38E8F4151A86318400561E07;
			remoteInfo = code;
		};
/* End PBXContainerItemProxy section */

/* Begin PBXCopyFilesBuildPhase section */
		38A76026236008780007714D /* Embed Frameworks */ = {
			isa = PBXCopyFilesBuildPhase;
			buildActionMask = 2147483647;
			dstPath = "";
			dstSubfolderSpec = 10;
			files = (
				389029BD246C257800F598B1 /* MJRefresh.framework in Embed Frameworks */,
				38A76025236008780007714D /* AFNetworking.framework in Embed Frameworks */,
			);
			name = "Embed Frameworks";
			runOnlyForDeploymentPostprocessing = 0;
		};
/* End PBXCopyFilesBuildPhase section */

/* Begin PBXFileReference section */
		11C08E7224A0B31100FA9DED /* StartupPageController.h */ = {isa = PBXFileReference; fileEncoding = 4; lastKnownFileType = sourcecode.c.h; path = StartupPageController.h; sourceTree = "<group>"; };
		11C08E7424A0B31100FA9DED /* StartupPageController.m */ = {isa = PBXFileReference; fileEncoding = 4; lastKnownFileType = sourcecode.c.objc; path = StartupPageController.m; sourceTree = "<group>"; };
		11C08EDA24A1F54500FA9DED /* WXApiManager.h */ = {isa = PBXFileReference; fileEncoding = 4; lastKnownFileType = sourcecode.c.h; path = WXApiManager.h; sourceTree = "<group>"; };
		11C08EDB24A1F54500FA9DED /* WXApi.h */ = {isa = PBXFileReference; fileEncoding = 4; lastKnownFileType = sourcecode.c.h; path = WXApi.h; sourceTree = "<group>"; };
		11C08EDC24A1F54500FA9DED /* WXApiManager.m */ = {isa = PBXFileReference; fileEncoding = 4; lastKnownFileType = sourcecode.c.objc; path = WXApiManager.m; sourceTree = "<group>"; };
		11C08EDD24A1F54500FA9DED /* WXApiObject.h */ = {isa = PBXFileReference; fileEncoding = 4; lastKnownFileType = sourcecode.c.h; path = WXApiObject.h; sourceTree = "<group>"; };
		11C08EDE24A1F54500FA9DED /* README.txt */ = {isa = PBXFileReference; fileEncoding = 4; lastKnownFileType = text; path = README.txt; sourceTree = "<group>"; };
		11C08EDF24A1F54500FA9DED /* WechatAuthSDK.h */ = {isa = PBXFileReference; fileEncoding = 4; lastKnownFileType = sourcecode.c.h; path = WechatAuthSDK.h; sourceTree = "<group>"; };
		11C08EE024A1F54500FA9DED /* libWeChatSDK.a */ = {isa = PBXFileReference; lastKnownFileType = archive.ar; path = libWeChatSDK.a; sourceTree = "<group>"; };
		11C08EE424A1F55C00FA9DED /* libc++.tbd */ = {isa = PBXFileReference; lastKnownFileType = "sourcecode.text-based-dylib-definition"; name = "libc++.tbd"; path = "usr/lib/libc++.tbd"; sourceTree = SDKROOT; };
		11C08EE624A1F5B100FA9DED /* CoreTelephony.framework */ = {isa = PBXFileReference; lastKnownFileType = wrapper.framework; name = CoreTelephony.framework; path = System/Library/Frameworks/CoreTelephony.framework; sourceTree = SDKROOT; };
		3804AB691BA2E89B000F636A /* SystemConfiguration.framework */ = {isa = PBXFileReference; lastKnownFileType = wrapper.framework; name = SystemConfiguration.framework; path = System/Library/Frameworks/SystemConfiguration.framework; sourceTree = SDKROOT; };
		380678D41BB2F4E0004F79A1 /* libiconv.2.4.0.tbd */ = {isa = PBXFileReference; lastKnownFileType = "sourcecode.text-based-dylib-definition"; name = libiconv.2.4.0.tbd; path = usr/lib/libiconv.2.4.0.tbd; sourceTree = SDKROOT; };
		380678D61BB2F505004F79A1 /* AVFoundation.framework */ = {isa = PBXFileReference; lastKnownFileType = wrapper.framework; name = AVFoundation.framework; path = System/Library/Frameworks/AVFoundation.framework; sourceTree = SDKROOT; };
		380678D81BB2F510004F79A1 /* CoreGraphics.framework */ = {isa = PBXFileReference; lastKnownFileType = wrapper.framework; name = CoreGraphics.framework; path = System/Library/Frameworks/CoreGraphics.framework; sourceTree = SDKROOT; };
		380678DA1BB2F53A004F79A1 /* CoreMedia.framework */ = {isa = PBXFileReference; lastKnownFileType = wrapper.framework; name = CoreMedia.framework; path = System/Library/Frameworks/CoreMedia.framework; sourceTree = SDKROOT; };
		3816735E1BAD2F9C002BE356 /* libsqlite3.tbd */ = {isa = PBXFileReference; lastKnownFileType = "sourcecode.text-based-dylib-definition"; name = libsqlite3.tbd; path = usr/lib/libsqlite3.tbd; sourceTree = SDKROOT; };
		38177B3923B44D4B00FF06D3 /* MASCompositeConstraint.h */ = {isa = PBXFileReference; fileEncoding = 4; lastKnownFileType = sourcecode.c.h; path = MASCompositeConstraint.h; sourceTree = "<group>"; };
		38177B3A23B44D4B00FF06D3 /* NSLayoutConstraint+MASDebugAdditions.m */ = {isa = PBXFileReference; fileEncoding = 4; lastKnownFileType = sourcecode.c.objc; path = "NSLayoutConstraint+MASDebugAdditions.m"; sourceTree = "<group>"; };
		38177B3B23B44D4B00FF06D3 /* MASConstraint+Private.h */ = {isa = PBXFileReference; fileEncoding = 4; lastKnownFileType = sourcecode.c.h; path = "MASConstraint+Private.h"; sourceTree = "<group>"; };
		38177B3C23B44D4B00FF06D3 /* MASLayoutConstraint.h */ = {isa = PBXFileReference; fileEncoding = 4; lastKnownFileType = sourcecode.c.h; path = MASLayoutConstraint.h; sourceTree = "<group>"; };
		38177B3D23B44D4B00FF06D3 /* NSArray+MASShorthandAdditions.h */ = {isa = PBXFileReference; fileEncoding = 4; lastKnownFileType = sourcecode.c.h; path = "NSArray+MASShorthandAdditions.h"; sourceTree = "<group>"; };
		38177B3E23B44D4B00FF06D3 /* MASConstraintMaker.h */ = {isa = PBXFileReference; fileEncoding = 4; lastKnownFileType = sourcecode.c.h; path = MASConstraintMaker.h; sourceTree = "<group>"; };
		38177B3F23B44D4B00FF06D3 /* View+MASAdditions.h */ = {isa = PBXFileReference; fileEncoding = 4; lastKnownFileType = sourcecode.c.h; path = "View+MASAdditions.h"; sourceTree = "<group>"; };
		38177B4023B44D4B00FF06D3 /* NSArray+MASAdditions.h */ = {isa = PBXFileReference; fileEncoding = 4; lastKnownFileType = sourcecode.c.h; path = "NSArray+MASAdditions.h"; sourceTree = "<group>"; };
		38177B4123B44D4B00FF06D3 /* MASUtilities.h */ = {isa = PBXFileReference; fileEncoding = 4; lastKnownFileType = sourcecode.c.h; path = MASUtilities.h; sourceTree = "<group>"; };
		38177B4223B44D4B00FF06D3 /* MASViewAttribute.h */ = {isa = PBXFileReference; fileEncoding = 4; lastKnownFileType = sourcecode.c.h; path = MASViewAttribute.h; sourceTree = "<group>"; };
		38177B4323B44D4B00FF06D3 /* ViewController+MASAdditions.m */ = {isa = PBXFileReference; fileEncoding = 4; lastKnownFileType = sourcecode.c.objc; path = "ViewController+MASAdditions.m"; sourceTree = "<group>"; };
		38177B4423B44D4B00FF06D3 /* MASViewConstraint.h */ = {isa = PBXFileReference; fileEncoding = 4; lastKnownFileType = sourcecode.c.h; path = MASViewConstraint.h; sourceTree = "<group>"; };
		38177B4523B44D4B00FF06D3 /* MASConstraint.h */ = {isa = PBXFileReference; fileEncoding = 4; lastKnownFileType = sourcecode.c.h; path = MASConstraint.h; sourceTree = "<group>"; };
		38177B4623B44D4B00FF06D3 /* NSLayoutConstraint+MASDebugAdditions.h */ = {isa = PBXFileReference; fileEncoding = 4; lastKnownFileType = sourcecode.c.h; path = "NSLayoutConstraint+MASDebugAdditions.h"; sourceTree = "<group>"; };
		38177B4723B44D4B00FF06D3 /* MASCompositeConstraint.m */ = {isa = PBXFileReference; fileEncoding = 4; lastKnownFileType = sourcecode.c.objc; path = MASCompositeConstraint.m; sourceTree = "<group>"; };
		38177B4823B44D4B00FF06D3 /* MASConstraintMaker.m */ = {isa = PBXFileReference; fileEncoding = 4; lastKnownFileType = sourcecode.c.objc; path = MASConstraintMaker.m; sourceTree = "<group>"; };
		38177B4923B44D4B00FF06D3 /* MASLayoutConstraint.m */ = {isa = PBXFileReference; fileEncoding = 4; lastKnownFileType = sourcecode.c.objc; path = MASLayoutConstraint.m; sourceTree = "<group>"; };
		38177B4A23B44D4B00FF06D3 /* NSArray+MASAdditions.m */ = {isa = PBXFileReference; fileEncoding = 4; lastKnownFileType = sourcecode.c.objc; path = "NSArray+MASAdditions.m"; sourceTree = "<group>"; };
		38177B4B23B44D4B00FF06D3 /* View+MASAdditions.m */ = {isa = PBXFileReference; fileEncoding = 4; lastKnownFileType = sourcecode.c.objc; path = "View+MASAdditions.m"; sourceTree = "<group>"; };
		38177B4C23B44D4B00FF06D3 /* View+MASShorthandAdditions.h */ = {isa = PBXFileReference; fileEncoding = 4; lastKnownFileType = sourcecode.c.h; path = "View+MASShorthandAdditions.h"; sourceTree = "<group>"; };
		38177B4D23B44D4B00FF06D3 /* Masonry.h */ = {isa = PBXFileReference; fileEncoding = 4; lastKnownFileType = sourcecode.c.h; path = Masonry.h; sourceTree = "<group>"; };
		38177B4E23B44D4B00FF06D3 /* MASConstraint.m */ = {isa = PBXFileReference; fileEncoding = 4; lastKnownFileType = sourcecode.c.objc; path = MASConstraint.m; sourceTree = "<group>"; };
		38177B4F23B44D4B00FF06D3 /* ViewController+MASAdditions.h */ = {isa = PBXFileReference; fileEncoding = 4; lastKnownFileType = sourcecode.c.h; path = "ViewController+MASAdditions.h"; sourceTree = "<group>"; };
		38177B5023B44D4B00FF06D3 /* MASViewConstraint.m */ = {isa = PBXFileReference; fileEncoding = 4; lastKnownFileType = sourcecode.c.objc; path = MASViewConstraint.m; sourceTree = "<group>"; };
		38177B5123B44D4B00FF06D3 /* MASViewAttribute.m */ = {isa = PBXFileReference; fileEncoding = 4; lastKnownFileType = sourcecode.c.objc; path = MASViewAttribute.m; sourceTree = "<group>"; };
		3818A12A1F65E01300C0DCF7 /* MD5File.m */ = {isa = PBXFileReference; fileEncoding = 4; lastKnownFileType = sourcecode.c.objc; path = MD5File.m; sourceTree = "<group>"; };
		3818A1371F65E03200C0DCF7 /* MD5File.h */ = {isa = PBXFileReference; lastKnownFileType = sourcecode.c.h; path = MD5File.h; sourceTree = "<group>"; };
		382748081F0A42B9003DDFF7 /* UIBarButtonItem+Global.h */ = {isa = PBXFileReference; fileEncoding = 4; lastKnownFileType = sourcecode.c.h; path = "UIBarButtonItem+Global.h"; sourceTree = "<group>"; };
		382748091F0A42B9003DDFF7 /* UIBarButtonItem+Global.m */ = {isa = PBXFileReference; fileEncoding = 4; lastKnownFileType = sourcecode.c.objc; path = "UIBarButtonItem+Global.m"; sourceTree = "<group>"; };
		3827480A1F0A42B9003DDFF7 /* UIImageExt.h */ = {isa = PBXFileReference; fileEncoding = 4; lastKnownFileType = sourcecode.c.h; path = UIImageExt.h; sourceTree = "<group>"; };
		3827480B1F0A42B9003DDFF7 /* UIImageExt.m */ = {isa = PBXFileReference; fileEncoding = 4; lastKnownFileType = sourcecode.c.objc; path = UIImageExt.m; sourceTree = "<group>"; };
		3827480C1F0A42B9003DDFF7 /* UIViewController+BackButtonHandler.h */ = {isa = PBXFileReference; fileEncoding = 4; lastKnownFileType = sourcecode.c.h; path = "UIViewController+BackButtonHandler.h"; sourceTree = "<group>"; };
		3827480D1F0A42B9003DDFF7 /* UIViewController+BackButtonHandler.m */ = {isa = PBXFileReference; fileEncoding = 4; lastKnownFileType = sourcecode.c.objc; path = "UIViewController+BackButtonHandler.m"; sourceTree = "<group>"; };
		3827480E1F0A42B9003DDFF7 /* WebVIewAlertDelegate.h */ = {isa = PBXFileReference; fileEncoding = 4; lastKnownFileType = sourcecode.c.h; path = WebVIewAlertDelegate.h; sourceTree = "<group>"; };
		382B200F240A55F6000EBF8F /* code.entitlements */ = {isa = PBXFileReference; lastKnownFileType = text.plist.entitlements; path = code.entitlements; sourceTree = "<group>"; };
		3831555B1ADB740E0024E504 /* QuartzCore.framework */ = {isa = PBXFileReference; lastKnownFileType = wrapper.framework; name = QuartzCore.framework; path = System/Library/Frameworks/QuartzCore.framework; sourceTree = SDKROOT; };
		383521241E65EEF300FAA97A /* MainTabController.h */ = {isa = PBXFileReference; fileEncoding = 4; lastKnownFileType = sourcecode.c.h; path = MainTabController.h; sourceTree = "<group>"; };
		383521251E65EEF300FAA97A /* MainTabController.m */ = {isa = PBXFileReference; fileEncoding = 4; lastKnownFileType = sourcecode.c.objc; path = MainTabController.m; sourceTree = "<group>"; };
		383521441E672FC500FAA97A /* DefineHeader.h */ = {isa = PBXFileReference; lastKnownFileType = sourcecode.c.h; path = DefineHeader.h; sourceTree = "<group>"; };
		383C163C24A0031D006AD387 /* WKProcessPool.h */ = {isa = PBXFileReference; lastKnownFileType = sourcecode.c.h; path = WKProcessPool.h; sourceTree = "<group>"; };
		383C163D24A0031D006AD387 /* WKProcessPool.m */ = {isa = PBXFileReference; lastKnownFileType = sourcecode.c.objc; path = WKProcessPool.m; sourceTree = "<group>"; };
		3841BA801F22D834007E04C4 /* HelpHeader.h */ = {isa = PBXFileReference; lastKnownFileType = sourcecode.c.h; path = HelpHeader.h; sourceTree = "<group>"; };
		3846F0EB1FC28DE900C13116 /* HelpHeader.m */ = {isa = PBXFileReference; fileEncoding = 4; lastKnownFileType = sourcecode.c.objc; name = HelpHeader.m; path = code/ext/HelpHeader.m; sourceTree = SOURCE_ROOT; };
		38503F111FDE365600B41649 /* ExtButtonStyle.h */ = {isa = PBXFileReference; fileEncoding = 4; lastKnownFileType = sourcecode.c.h; name = ExtButtonStyle.h; path = code/ext/ExtButtonStyle.h; sourceTree = SOURCE_ROOT; };
		38503F121FDE365600B41649 /* ExtButtonStyle.m */ = {isa = PBXFileReference; fileEncoding = 4; lastKnownFileType = sourcecode.c.objc; name = ExtButtonStyle.m; path = code/ext/ExtButtonStyle.m; sourceTree = SOURCE_ROOT; };
		38503F271FDFB3BE00B41649 /* JSONKit.h */ = {isa = PBXFileReference; fileEncoding = 4; lastKnownFileType = sourcecode.c.h; path = JSONKit.h; sourceTree = "<group>"; };
		38503F281FDFB3BE00B41649 /* JSONKit.m */ = {isa = PBXFileReference; fileEncoding = 4; lastKnownFileType = sourcecode.c.objc; path = JSONKit.m; sourceTree = "<group>"; };
		385E64311EA74C6C0058460D /* WebProc.h */ = {isa = PBXFileReference; fileEncoding = 4; lastKnownFileType = sourcecode.c.h; path = WebProc.h; sourceTree = "<group>"; };
		385E64321EA74C6C0058460D /* WebProc.m */ = {isa = PBXFileReference; fileEncoding = 4; lastKnownFileType = sourcecode.c.objc; path = WebProc.m; sourceTree = "<group>"; };
		386537CF1BBF99B400278D97 /* AddressBook.framework */ = {isa = PBXFileReference; lastKnownFileType = wrapper.framework; name = AddressBook.framework; path = System/Library/Frameworks/AddressBook.framework; sourceTree = SDKROOT; };
		386537D01BBF99B400278D97 /* AddressBookUI.framework */ = {isa = PBXFileReference; lastKnownFileType = wrapper.framework; name = AddressBookUI.framework; path = System/Library/Frameworks/AddressBookUI.framework; sourceTree = SDKROOT; };
		386537D91BBFC20C00278D97 /* Images.xcassets */ = {isa = PBXFileReference; lastKnownFileType = folder.assetcatalog; path = Images.xcassets; sourceTree = "<group>"; };
		3878AC451EFA699A004A9DC3 /* Reachability.h */ = {isa = PBXFileReference; fileEncoding = 4; lastKnownFileType = sourcecode.c.h; path = Reachability.h; sourceTree = "<group>"; };
		3878AC461EFA699A004A9DC3 /* Reachability.m */ = {isa = PBXFileReference; fileEncoding = 4; lastKnownFileType = sourcecode.c.objc; path = Reachability.m; sourceTree = "<group>"; };
		3878AC491EFA69D0004A9DC3 /* Objc_AudioPlay.h */ = {isa = PBXFileReference; fileEncoding = 4; lastKnownFileType = sourcecode.c.h; path = Objc_AudioPlay.h; sourceTree = "<group>"; };
		3878AC4A1EFA69D0004A9DC3 /* Objc_AudioPlay.m */ = {isa = PBXFileReference; fileEncoding = 4; lastKnownFileType = sourcecode.c.objc; path = Objc_AudioPlay.m; sourceTree = "<group>"; };
		3878AD721EFA6BE6004A9DC3 /* crypt.h */ = {isa = PBXFileReference; fileEncoding = 4; lastKnownFileType = sourcecode.c.h; path = crypt.h; sourceTree = "<group>"; };
		3878AD731EFA6BE6004A9DC3 /* ioapi.c */ = {isa = PBXFileReference; fileEncoding = 4; lastKnownFileType = sourcecode.c.c; path = ioapi.c; sourceTree = "<group>"; };
		3878AD741EFA6BE6004A9DC3 /* ioapi.h */ = {isa = PBXFileReference; fileEncoding = 4; lastKnownFileType = sourcecode.c.h; path = ioapi.h; sourceTree = "<group>"; };
		3878AD751EFA6BE6004A9DC3 /* mztools.c */ = {isa = PBXFileReference; fileEncoding = 4; lastKnownFileType = sourcecode.c.c; path = mztools.c; sourceTree = "<group>"; };
		3878AD761EFA6BE6004A9DC3 /* mztools.h */ = {isa = PBXFileReference; fileEncoding = 4; lastKnownFileType = sourcecode.c.h; path = mztools.h; sourceTree = "<group>"; };
		3878AD771EFA6BE6004A9DC3 /* unzip.c */ = {isa = PBXFileReference; fileEncoding = 4; lastKnownFileType = sourcecode.c.c; path = unzip.c; sourceTree = "<group>"; };
		3878AD781EFA6BE6004A9DC3 /* unzip.h */ = {isa = PBXFileReference; fileEncoding = 4; lastKnownFileType = sourcecode.c.h; path = unzip.h; sourceTree = "<group>"; };
		3878AD791EFA6BE6004A9DC3 /* zip.c */ = {isa = PBXFileReference; fileEncoding = 4; lastKnownFileType = sourcecode.c.c; path = zip.c; sourceTree = "<group>"; };
		3878AD7A1EFA6BE6004A9DC3 /* zip.h */ = {isa = PBXFileReference; fileEncoding = 4; lastKnownFileType = sourcecode.c.h; path = zip.h; sourceTree = "<group>"; };
		3878AD7C1EFA6BE6004A9DC3 /* FileInZipInfo.h */ = {isa = PBXFileReference; fileEncoding = 4; lastKnownFileType = sourcecode.c.h; path = FileInZipInfo.h; sourceTree = "<group>"; };
		3878AD7D1EFA6BE6004A9DC3 /* FileInZipInfo.m */ = {isa = PBXFileReference; fileEncoding = 4; lastKnownFileType = sourcecode.c.objc; path = FileInZipInfo.m; sourceTree = "<group>"; };
		3878AD7E1EFA6BE6004A9DC3 /* ZipException.h */ = {isa = PBXFileReference; fileEncoding = 4; lastKnownFileType = sourcecode.c.h; path = ZipException.h; sourceTree = "<group>"; };
		3878AD7F1EFA6BE6004A9DC3 /* ZipException.m */ = {isa = PBXFileReference; fileEncoding = 4; lastKnownFileType = sourcecode.c.objc; path = ZipException.m; sourceTree = "<group>"; };
		3878AD801EFA6BE6004A9DC3 /* ZipFile.h */ = {isa = PBXFileReference; fileEncoding = 4; lastKnownFileType = sourcecode.c.h; path = ZipFile.h; sourceTree = "<group>"; };
		3878AD811EFA6BE6004A9DC3 /* ZipFile.m */ = {isa = PBXFileReference; fileEncoding = 4; lastKnownFileType = sourcecode.c.objc; path = ZipFile.m; sourceTree = "<group>"; };
		3878AD821EFA6BE6004A9DC3 /* ZipReadStream.h */ = {isa = PBXFileReference; fileEncoding = 4; lastKnownFileType = sourcecode.c.h; path = ZipReadStream.h; sourceTree = "<group>"; };
		3878AD831EFA6BE6004A9DC3 /* ZipReadStream.m */ = {isa = PBXFileReference; fileEncoding = 4; lastKnownFileType = sourcecode.c.objc; path = ZipReadStream.m; sourceTree = "<group>"; };
		3878AD841EFA6BE6004A9DC3 /* ZipWriteStream.h */ = {isa = PBXFileReference; fileEncoding = 4; lastKnownFileType = sourcecode.c.h; path = ZipWriteStream.h; sourceTree = "<group>"; };
		3878AD851EFA6BE6004A9DC3 /* ZipWriteStream.m */ = {isa = PBXFileReference; fileEncoding = 4; lastKnownFileType = sourcecode.c.objc; path = ZipWriteStream.m; sourceTree = "<group>"; };
		3878AD871EFA6BE6004A9DC3 /* adler32.c */ = {isa = PBXFileReference; fileEncoding = 4; lastKnownFileType = sourcecode.c.c; path = adler32.c; sourceTree = "<group>"; };
		3878AD881EFA6BE6004A9DC3 /* compress.c */ = {isa = PBXFileReference; fileEncoding = 4; lastKnownFileType = sourcecode.c.c; path = compress.c; sourceTree = "<group>"; };
		3878AD891EFA6BE6004A9DC3 /* crc32.c */ = {isa = PBXFileReference; fileEncoding = 4; lastKnownFileType = sourcecode.c.c; path = crc32.c; sourceTree = "<group>"; };
		3878AD8A1EFA6BE6004A9DC3 /* crc32.h */ = {isa = PBXFileReference; fileEncoding = 4; lastKnownFileType = sourcecode.c.h; path = crc32.h; sourceTree = "<group>"; };
		3878AD8B1EFA6BE6004A9DC3 /* deflate.c */ = {isa = PBXFileReference; fileEncoding = 4; lastKnownFileType = sourcecode.c.c; path = deflate.c; sourceTree = "<group>"; };
		3878AD8C1EFA6BE6004A9DC3 /* deflate.h */ = {isa = PBXFileReference; fileEncoding = 4; lastKnownFileType = sourcecode.c.h; path = deflate.h; sourceTree = "<group>"; };
		3878AD8D1EFA6BE6004A9DC3 /* gzio.c */ = {isa = PBXFileReference; fileEncoding = 4; lastKnownFileType = sourcecode.c.c; path = gzio.c; sourceTree = "<group>"; };
		3878AD8E1EFA6BE6004A9DC3 /* infback.c */ = {isa = PBXFileReference; fileEncoding = 4; lastKnownFileType = sourcecode.c.c; path = infback.c; sourceTree = "<group>"; };
		3878AD8F1EFA6BE6004A9DC3 /* inffast.c */ = {isa = PBXFileReference; fileEncoding = 4; lastKnownFileType = sourcecode.c.c; path = inffast.c; sourceTree = "<group>"; };
		3878AD901EFA6BE6004A9DC3 /* inffast.h */ = {isa = PBXFileReference; fileEncoding = 4; lastKnownFileType = sourcecode.c.h; path = inffast.h; sourceTree = "<group>"; };
		3878AD911EFA6BE6004A9DC3 /* inffixed.h */ = {isa = PBXFileReference; fileEncoding = 4; lastKnownFileType = sourcecode.c.h; path = inffixed.h; sourceTree = "<group>"; };
		3878AD921EFA6BE6004A9DC3 /* inflate.c */ = {isa = PBXFileReference; fileEncoding = 4; lastKnownFileType = sourcecode.c.c; path = inflate.c; sourceTree = "<group>"; };
		3878AD931EFA6BE6004A9DC3 /* inflate.h */ = {isa = PBXFileReference; fileEncoding = 4; lastKnownFileType = sourcecode.c.h; path = inflate.h; sourceTree = "<group>"; };
		3878AD941EFA6BE6004A9DC3 /* inftrees.c */ = {isa = PBXFileReference; fileEncoding = 4; lastKnownFileType = sourcecode.c.c; path = inftrees.c; sourceTree = "<group>"; };
		3878AD951EFA6BE6004A9DC3 /* inftrees.h */ = {isa = PBXFileReference; fileEncoding = 4; lastKnownFileType = sourcecode.c.h; path = inftrees.h; sourceTree = "<group>"; };
		3878AD961EFA6BE6004A9DC3 /* trees.c */ = {isa = PBXFileReference; fileEncoding = 4; lastKnownFileType = sourcecode.c.c; path = trees.c; sourceTree = "<group>"; };
		3878AD971EFA6BE6004A9DC3 /* trees.h */ = {isa = PBXFileReference; fileEncoding = 4; lastKnownFileType = sourcecode.c.h; path = trees.h; sourceTree = "<group>"; };
		3878AD981EFA6BE6004A9DC3 /* uncompr.c */ = {isa = PBXFileReference; fileEncoding = 4; lastKnownFileType = sourcecode.c.c; path = uncompr.c; sourceTree = "<group>"; };
		3878AD991EFA6BE6004A9DC3 /* zconf.h */ = {isa = PBXFileReference; fileEncoding = 4; lastKnownFileType = sourcecode.c.h; path = zconf.h; sourceTree = "<group>"; };
		3878AD9A1EFA6BE6004A9DC3 /* zlib.h */ = {isa = PBXFileReference; fileEncoding = 4; lastKnownFileType = sourcecode.c.h; path = zlib.h; sourceTree = "<group>"; };
		3878AD9B1EFA6BE6004A9DC3 /* zutil.c */ = {isa = PBXFileReference; fileEncoding = 4; lastKnownFileType = sourcecode.c.c; path = zutil.c; sourceTree = "<group>"; };
		3878AD9C1EFA6BE6004A9DC3 /* zutil.h */ = {isa = PBXFileReference; fileEncoding = 4; lastKnownFileType = sourcecode.c.h; path = zutil.h; sourceTree = "<group>"; };
		3878ADB51EFA6D42004A9DC3 /* ZipController.h */ = {isa = PBXFileReference; fileEncoding = 4; lastKnownFileType = sourcecode.c.h; path = ZipController.h; sourceTree = "<group>"; };
		3878ADB61EFA6D42004A9DC3 /* ZipController.m */ = {isa = PBXFileReference; fileEncoding = 4; lastKnownFileType = sourcecode.c.objc; path = ZipController.m; sourceTree = "<group>"; };
		3878ADC61EFA7426004A9DC3 /* AudioToolbox.framework */ = {isa = PBXFileReference; lastKnownFileType = wrapper.framework; name = AudioToolbox.framework; path = System/Library/Frameworks/AudioToolbox.framework; sourceTree = SDKROOT; };
		3878ADC81EFA7432004A9DC3 /* AudioUnit.framework */ = {isa = PBXFileReference; lastKnownFileType = wrapper.framework; name = AudioUnit.framework; path = System/Library/Frameworks/AudioUnit.framework; sourceTree = SDKROOT; };
		38801299241D0A3A008F2A8A /* IndexController.h */ = {isa = PBXFileReference; fileEncoding = 4; lastKnownFileType = sourcecode.c.h; path = IndexController.h; sourceTree = "<group>"; };
		3880129A241D0A3A008F2A8A /* webwk.storyboard */ = {isa = PBXFileReference; fileEncoding = 4; lastKnownFileType = file.storyboard; path = webwk.storyboard; sourceTree = "<group>"; };
		3880129B241D0A3A008F2A8A /* IndexController.m */ = {isa = PBXFileReference; fileEncoding = 4; lastKnownFileType = sourcecode.c.objc; path = IndexController.m; sourceTree = "<group>"; };
		388717381C3124A10032CBF9 /* code-Bridging-Header.h */ = {isa = PBXFileReference; lastKnownFileType = sourcecode.c.h; path = "code-Bridging-Header.h"; sourceTree = "<group>"; };
		388FE07824237C1B00816625 /* WebController.m */ = {isa = PBXFileReference; fileEncoding = 4; lastKnownFileType = sourcecode.c.objc; path = WebController.m; sourceTree = "<group>"; };
		388FE08324237C1B00816625 /* WebController.h */ = {isa = PBXFileReference; fileEncoding = 4; lastKnownFileType = sourcecode.c.h; path = WebController.h; sourceTree = "<group>"; };
		388FE08424237C1B00816625 /* WebController.storyboard */ = {isa = PBXFileReference; fileEncoding = 4; lastKnownFileType = file.storyboard; path = WebController.storyboard; sourceTree = "<group>"; };
		389028BD246C0D4E00F598B1 /* MyPController.m */ = {isa = PBXFileReference; fileEncoding = 4; lastKnownFileType = sourcecode.c.objc; path = MyPController.m; sourceTree = "<group>"; };
		389028BE246C0D4E00F598B1 /* MyPController.h */ = {isa = PBXFileReference; fileEncoding = 4; lastKnownFileType = sourcecode.c.h; path = MyPController.h; sourceTree = "<group>"; };
		389028E1246C175800F598B1 /* EGORefreshTableHeaderView.m */ = {isa = PBXFileReference; fileEncoding = 4; lastKnownFileType = sourcecode.c.objc; path = EGORefreshTableHeaderView.m; sourceTree = "<group>"; };
		389028E2246C175800F598B1 /* EGORefreshTableHeaderView.h */ = {isa = PBXFileReference; fileEncoding = 4; lastKnownFileType = sourcecode.c.h; path = EGORefreshTableHeaderView.h; sourceTree = "<group>"; };
		389028E4246C175800F598B1 /* blackArrow.png */ = {isa = PBXFileReference; lastKnownFileType = image.png; path = blackArrow.png; sourceTree = "<group>"; };
		389028E5246C175800F598B1 /* blueArrow@2x.png */ = {isa = PBXFileReference; lastKnownFileType = image.png; path = "blueArrow@2x.png"; sourceTree = "<group>"; };
		389028E6246C175800F598B1 /* grayArrow.png */ = {isa = PBXFileReference; lastKnownFileType = image.png; path = grayArrow.png; sourceTree = "<group>"; };
		389028E7246C175800F598B1 /* whiteArrow@2x.png */ = {isa = PBXFileReference; lastKnownFileType = image.png; path = "whiteArrow@2x.png"; sourceTree = "<group>"; };
		389028E8246C175800F598B1 /* whiteArrow.png */ = {isa = PBXFileReference; lastKnownFileType = image.png; path = whiteArrow.png; sourceTree = "<group>"; };
		389028E9246C175800F598B1 /* blackArrow@2x.png */ = {isa = PBXFileReference; lastKnownFileType = image.png; path = "blackArrow@2x.png"; sourceTree = "<group>"; };
		389028EA246C175800F598B1 /* blueArrow.png */ = {isa = PBXFileReference; lastKnownFileType = image.png; path = blueArrow.png; sourceTree = "<group>"; };
		389028EB246C175800F598B1 /* grayArrow@2x.png */ = {isa = PBXFileReference; lastKnownFileType = image.png; path = "grayArrow@2x.png"; sourceTree = "<group>"; };
		389029B1246C256400F598B1 /* MJRefreshExample.xcodeproj */ = {isa = PBXFileReference; lastKnownFileType = "wrapper.pb-project"; path = MJRefreshExample.xcodeproj; sourceTree = "<group>"; };
		38A7600C236008620007714D /* AFNetworking.xcodeproj */ = {isa = PBXFileReference; lastKnownFileType = "wrapper.pb-project"; name = AFNetworking.xcodeproj; path = "AFNetworking-master/AFNetworking.xcodeproj"; sourceTree = "<group>"; };
		38C98D5024726E5F00A499E5 /* webwk2.storyboard */ = {isa = PBXFileReference; fileEncoding = 4; lastKnownFileType = file.storyboard; path = webwk2.storyboard; sourceTree = "<group>"; };
		38C98D5F24726E6500A499E5 /* webwk3.storyboard */ = {isa = PBXFileReference; fileEncoding = 4; lastKnownFileType = file.storyboard; path = webwk3.storyboard; sourceTree = "<group>"; };
		38C98D642473E22100A499E5 /* AlertCommand.h */ = {isa = PBXFileReference; fileEncoding = 4; lastKnownFileType = sourcecode.c.h; path = AlertCommand.h; sourceTree = "<group>"; };
		38C98D722473E22100A499E5 /* AlertCommand.m */ = {isa = PBXFileReference; fileEncoding = 4; lastKnownFileType = sourcecode.c.objc; path = AlertCommand.m; sourceTree = "<group>"; };
		38D3C7C91FAF599800CB8C8F /* McuGlobalParameter.h */ = {isa = PBXFileReference; fileEncoding = 4; lastKnownFileType = sourcecode.c.h; path = McuGlobalParameter.h; sourceTree = "<group>"; };
		38D3C7CA1FAF599800CB8C8F /* McuGlobalParameter.m */ = {isa = PBXFileReference; fileEncoding = 4; lastKnownFileType = sourcecode.c.objc; path = McuGlobalParameter.m; sourceTree = "<group>"; };
		38E6512A1F0E478E00301D8E /* SVIndefiniteAnimatedView.h */ = {isa = PBXFileReference; fileEncoding = 4; lastKnownFileType = sourcecode.c.h; path = SVIndefiniteAnimatedView.h; sourceTree = "<group>"; };
		38E6512B1F0E478E00301D8E /* SVIndefiniteAnimatedView.m */ = {isa = PBXFileReference; fileEncoding = 4; lastKnownFileType = sourcecode.c.objc; path = SVIndefiniteAnimatedView.m; sourceTree = "<group>"; };
		38E6512C1F0E478E00301D8E /* SVProgressAnimatedView.h */ = {isa = PBXFileReference; fileEncoding = 4; lastKnownFileType = sourcecode.c.h; path = SVProgressAnimatedView.h; sourceTree = "<group>"; };
		38E6512D1F0E478E00301D8E /* SVProgressAnimatedView.m */ = {isa = PBXFileReference; fileEncoding = 4; lastKnownFileType = sourcecode.c.objc; path = SVProgressAnimatedView.m; sourceTree = "<group>"; };
		38E6512E1F0E478E00301D8E /* SVProgressHUD-Prefix.pch */ = {isa = PBXFileReference; fileEncoding = 4; lastKnownFileType = sourcecode.c.h; path = "SVProgressHUD-Prefix.pch"; sourceTree = "<group>"; };
		38E6512F1F0E478E00301D8E /* SVProgressHUD.bundle */ = {isa = PBXFileReference; lastKnownFileType = "wrapper.plug-in"; path = SVProgressHUD.bundle; sourceTree = "<group>"; };
		38E651301F0E478E00301D8E /* SVProgressHUD.h */ = {isa = PBXFileReference; fileEncoding = 4; lastKnownFileType = sourcecode.c.h; path = SVProgressHUD.h; sourceTree = "<group>"; };
		38E651311F0E478E00301D8E /* SVProgressHUD.m */ = {isa = PBXFileReference; fileEncoding = 4; lastKnownFileType = sourcecode.c.objc; path = SVProgressHUD.m; sourceTree = "<group>"; };
		38E651321F0E478E00301D8E /* SVRadialGradientLayer.h */ = {isa = PBXFileReference; fileEncoding = 4; lastKnownFileType = sourcecode.c.h; path = SVRadialGradientLayer.h; sourceTree = "<group>"; };
		38E651331F0E478E00301D8E /* SVRadialGradientLayer.m */ = {isa = PBXFileReference; fileEncoding = 4; lastKnownFileType = sourcecode.c.objc; path = SVRadialGradientLayer.m; sourceTree = "<group>"; };
		38E651341F0E478E00301D8E /* UIView+LayerProperty.h */ = {isa = PBXFileReference; fileEncoding = 4; lastKnownFileType = sourcecode.c.h; path = "UIView+LayerProperty.h"; sourceTree = "<group>"; };
		38E651351F0E478E00301D8E /* UIView+LayerProperty.m */ = {isa = PBXFileReference; fileEncoding = 4; lastKnownFileType = sourcecode.c.objc; path = "UIView+LayerProperty.m"; sourceTree = "<group>"; };
		38E651451F0E520600301D8E /* MBProgressHUD+Add.h */ = {isa = PBXFileReference; fileEncoding = 4; lastKnownFileType = sourcecode.c.h; path = "MBProgressHUD+Add.h"; sourceTree = "<group>"; };
		38E651461F0E520600301D8E /* MBProgressHUD+Add.m */ = {isa = PBXFileReference; fileEncoding = 4; lastKnownFileType = sourcecode.c.objc; path = "MBProgressHUD+Add.m"; sourceTree = "<group>"; };
		38E651471F0E520600301D8E /* MBProgressHUD.h */ = {isa = PBXFileReference; fileEncoding = 4; lastKnownFileType = sourcecode.c.h; path = MBProgressHUD.h; sourceTree = "<group>"; };
		38E651481F0E520600301D8E /* MBProgressHUD.m */ = {isa = PBXFileReference; fileEncoding = 4; lastKnownFileType = sourcecode.c.objc; path = MBProgressHUD.m; sourceTree = "<group>"; };
		38E8F4161A86318400561E07 /* 带车聘.app */ = {isa = PBXFileReference; explicitFileType = wrapper.application; includeInIndex = 0; path = "带车聘.app"; sourceTree = BUILT_PRODUCTS_DIR; };
		38E8F41A1A86318400561E07 /* Info.plist */ = {isa = PBXFileReference; lastKnownFileType = text.plist.xml; path = Info.plist; sourceTree = "<group>"; };
		38E8F41B1A86318400561E07 /* main.m */ = {isa = PBXFileReference; lastKnownFileType = sourcecode.c.objc; path = main.m; sourceTree = "<group>"; };
		38E8F41D1A86318400561E07 /* AppDelegate.h */ = {isa = PBXFileReference; lastKnownFileType = sourcecode.c.h; path = AppDelegate.h; sourceTree = "<group>"; };
		38E8F41E1A86318400561E07 /* AppDelegate.m */ = {isa = PBXFileReference; lastKnownFileType = sourcecode.c.objc; path = AppDelegate.m; sourceTree = "<group>"; };
		38E8F4291A86318400561E07 /* Base */ = {isa = PBXFileReference; lastKnownFileType = file.xib; name = Base; path = Base.lproj/LaunchScreen.xib; sourceTree = "<group>"; };
		38E8F42F1A86318400561E07 /* codeTests.xctest */ = {isa = PBXFileReference; explicitFileType = wrapper.cfbundle; includeInIndex = 0; path = codeTests.xctest; sourceTree = BUILT_PRODUCTS_DIR; };
		38E8F44D1A86474E00561E07 /* InfoPlist.strings */ = {isa = PBXFileReference; fileEncoding = 4; lastKnownFileType = text.plist.strings; path = InfoPlist.strings; sourceTree = "<group>"; };
		38E8F44F1A864EB700561E07 /* Localizable.strings */ = {isa = PBXFileReference; fileEncoding = 4; lastKnownFileType = text.plist.strings; path = Localizable.strings; sourceTree = "<group>"; };
		38EE72FC1EA64F0F00465632 /* Base */ = {isa = PBXFileReference; lastKnownFileType = file.storyboard; name = Base; path = Base.lproj/Main.storyboard; sourceTree = "<group>"; };
		38EE73061EA64FDD00465632 /* VipController.h */ = {isa = PBXFileReference; fileEncoding = 4; lastKnownFileType = sourcecode.c.h; path = VipController.h; sourceTree = "<group>"; };
		38EE73071EA64FDD00465632 /* VipController.m */ = {isa = PBXFileReference; fileEncoding = 4; lastKnownFileType = sourcecode.c.objc; path = VipController.m; sourceTree = "<group>"; };
		38F9A437248E6BE100B6AC3A /* JDDeviceUtils.h */ = {isa = PBXFileReference; lastKnownFileType = sourcecode.c.h; name = JDDeviceUtils.h; path = code/JDDeviceUtils.h; sourceTree = SOURCE_ROOT; };
		38F9A438248E6BE100B6AC3A /* JDDeviceUtils.m */ = {isa = PBXFileReference; lastKnownFileType = sourcecode.c.objc; name = JDDeviceUtils.m; path = code/JDDeviceUtils.m; sourceTree = SOURCE_ROOT; };
/* End PBXFileReference section */

/* Begin PBXFrameworksBuildPhase section */
		38E8F4131A86318400561E07 /* Frameworks */ = {
			isa = PBXFrameworksBuildPhase;
			buildActionMask = 2147483647;
			files = (
				11C08EE724A1F5B100FA9DED /* CoreTelephony.framework in Frameworks */,
				11C08EE524A1F55C00FA9DED /* libc++.tbd in Frameworks */,
				3878ADC71EFA7426004A9DC3 /* AudioToolbox.framework in Frameworks */,
				38A76024236008780007714D /* AFNetworking.framework in Frameworks */,
				11C08EE324A1F54500FA9DED /* libWeChatSDK.a in Frameworks */,
				386537D11BBF99B400278D97 /* AddressBook.framework in Frameworks */,
				386537D21BBF99B400278D97 /* AddressBookUI.framework in Frameworks */,
				380678DB1BB2F53A004F79A1 /* CoreMedia.framework in Frameworks */,
				380678D91BB2F510004F79A1 /* CoreGraphics.framework in Frameworks */,
				380678D71BB2F505004F79A1 /* AVFoundation.framework in Frameworks */,
				380678D51BB2F4E0004F79A1 /* libiconv.2.4.0.tbd in Frameworks */,
				3816735F1BAD2F9C002BE356 /* libsqlite3.tbd in Frameworks */,
				3804AB6A1BA2E89B000F636A /* SystemConfiguration.framework in Frameworks */,
				3831555C1ADB740E0024E504 /* QuartzCore.framework in Frameworks */,
			);
			runOnlyForDeploymentPostprocessing = 0;
		};
		38E8F42C1A86318400561E07 /* Frameworks */ = {
			isa = PBXFrameworksBuildPhase;
			buildActionMask = 2147483647;
			files = (
			);
			runOnlyForDeploymentPostprocessing = 0;
		};
/* End PBXFrameworksBuildPhase section */

/* Begin PBXGroup section */
		11C08E7024A0B31100FA9DED /* Tool */ = {
			isa = PBXGroup;
			children = (
				11C08E7224A0B31100FA9DED /* StartupPageController.h */,
				11C08E7424A0B31100FA9DED /* StartupPageController.m */,
			);
			path = Tool;
			sourceTree = "<group>";
		};
		11C08ED924A1F54500FA9DED /* weixin */ = {
			isa = PBXGroup;
			children = (
				11C08EDA24A1F54500FA9DED /* WXApiManager.h */,
				11C08EDB24A1F54500FA9DED /* WXApi.h */,
				11C08EDC24A1F54500FA9DED /* WXApiManager.m */,
				11C08EDD24A1F54500FA9DED /* WXApiObject.h */,
				11C08EDE24A1F54500FA9DED /* README.txt */,
				11C08EDF24A1F54500FA9DED /* WechatAuthSDK.h */,
				11C08EE024A1F54500FA9DED /* libWeChatSDK.a */,
			);
			path = weixin;
			sourceTree = "<group>";
		};
		38177B3823B44D4B00FF06D3 /* Masonry */ = {
			isa = PBXGroup;
			children = (
				38177B3923B44D4B00FF06D3 /* MASCompositeConstraint.h */,
				38177B3A23B44D4B00FF06D3 /* NSLayoutConstraint+MASDebugAdditions.m */,
				38177B3B23B44D4B00FF06D3 /* MASConstraint+Private.h */,
				38177B3C23B44D4B00FF06D3 /* MASLayoutConstraint.h */,
				38177B3D23B44D4B00FF06D3 /* NSArray+MASShorthandAdditions.h */,
				38177B3E23B44D4B00FF06D3 /* MASConstraintMaker.h */,
				38177B3F23B44D4B00FF06D3 /* View+MASAdditions.h */,
				38177B4023B44D4B00FF06D3 /* NSArray+MASAdditions.h */,
				38177B4123B44D4B00FF06D3 /* MASUtilities.h */,
				38177B4223B44D4B00FF06D3 /* MASViewAttribute.h */,
				38177B4323B44D4B00FF06D3 /* ViewController+MASAdditions.m */,
				38177B4423B44D4B00FF06D3 /* MASViewConstraint.h */,
				38177B4523B44D4B00FF06D3 /* MASConstraint.h */,
				38177B4623B44D4B00FF06D3 /* NSLayoutConstraint+MASDebugAdditions.h */,
				38177B4723B44D4B00FF06D3 /* MASCompositeConstraint.m */,
				38177B4823B44D4B00FF06D3 /* MASConstraintMaker.m */,
				38177B4923B44D4B00FF06D3 /* MASLayoutConstraint.m */,
				38177B4A23B44D4B00FF06D3 /* NSArray+MASAdditions.m */,
				38177B4B23B44D4B00FF06D3 /* View+MASAdditions.m */,
				38177B4C23B44D4B00FF06D3 /* View+MASShorthandAdditions.h */,
				38177B4D23B44D4B00FF06D3 /* Masonry.h */,
				38177B4E23B44D4B00FF06D3 /* MASConstraint.m */,
				38177B4F23B44D4B00FF06D3 /* ViewController+MASAdditions.h */,
				38177B5023B44D4B00FF06D3 /* MASViewConstraint.m */,
				38177B5123B44D4B00FF06D3 /* MASViewAttribute.m */,
			);
			path = Masonry;
			sourceTree = "<group>";
		};
		382748071F0A42B9003DDFF7 /* Ext */ = {
			isa = PBXGroup;
			children = (
				38503F111FDE365600B41649 /* ExtButtonStyle.h */,
				38503F121FDE365600B41649 /* ExtButtonStyle.m */,
				38D3C7C91FAF599800CB8C8F /* McuGlobalParameter.h */,
				38D3C7CA1FAF599800CB8C8F /* McuGlobalParameter.m */,
				3841BA801F22D834007E04C4 /* HelpHeader.h */,
				3846F0EB1FC28DE900C13116 /* HelpHeader.m */,
				38E651441F0E520600301D8E /* MBProgressHUD */,
				38E651291F0E478E00301D8E /* SVProgressHUD */,
				38E651341F0E478E00301D8E /* UIView+LayerProperty.h */,
				38E651351F0E478E00301D8E /* UIView+LayerProperty.m */,
				382748081F0A42B9003DDFF7 /* UIBarButtonItem+Global.h */,
				382748091F0A42B9003DDFF7 /* UIBarButtonItem+Global.m */,
				3827480A1F0A42B9003DDFF7 /* UIImageExt.h */,
				3827480B1F0A42B9003DDFF7 /* UIImageExt.m */,
				3827480C1F0A42B9003DDFF7 /* UIViewController+BackButtonHandler.h */,
				3827480D1F0A42B9003DDFF7 /* UIViewController+BackButtonHandler.m */,
				3827480E1F0A42B9003DDFF7 /* WebVIewAlertDelegate.h */,
				3818A1371F65E03200C0DCF7 /* MD5File.h */,
				3818A12A1F65E01300C0DCF7 /* MD5File.m */,
			);
			path = Ext;
			sourceTree = "<group>";
		};
		38503F261FDFB3BE00B41649 /* JsonKit */ = {
			isa = PBXGroup;
			children = (
				38503F271FDFB3BE00B41649 /* JSONKit.h */,
				38503F281FDFB3BE00B41649 /* JSONKit.m */,
			);
			path = JsonKit;
			sourceTree = "<group>";
		};
		385E64301EA74C6C0058460D /* WebProc */ = {
			isa = PBXGroup;
			children = (
				385E64311EA74C6C0058460D /* WebProc.h */,
				385E64321EA74C6C0058460D /* WebProc.m */,
			);
			path = WebProc;
			sourceTree = "<group>";
		};
		386B1EB81BAA7CEC00AA4CB2 /* 3th_party */ = {
			isa = PBXGroup;
			children = (
				11C08ED924A1F54500FA9DED /* weixin */,
				389028F5246C240E00F598B1 /* MJRefresh */,
				389028DE246C175800F598B1 /* EGOTableViewPullRefresh */,
				38177B3823B44D4B00FF06D3 /* Masonry */,
				38A7600C236008620007714D /* AFNetworking.xcodeproj */,
				38503F261FDFB3BE00B41649 /* JsonKit */,
				3878AD701EFA6BE6004A9DC3 /* Objective-Zip */,
				3878AC441EFA699A004A9DC3 /* Reachability */,
				385E64301EA74C6C0058460D /* WebProc */,
				3878AC481EFA69D0004A9DC3 /* PlaySound */,
			);
			path = 3th_party;
			sourceTree = SOURCE_ROOT;
		};
		3878ABE01EFA5F2F004A9DC3 /* Index */ = {
			isa = PBXGroup;
			children = (
				38801299241D0A3A008F2A8A /* IndexController.h */,
				3880129B241D0A3A008F2A8A /* IndexController.m */,
				38EE73061EA64FDD00465632 /* VipController.h */,
				38EE73071EA64FDD00465632 /* VipController.m */,
				389028BE246C0D4E00F598B1 /* MyPController.h */,
				389028BD246C0D4E00F598B1 /* MyPController.m */,
				3880129A241D0A3A008F2A8A /* webwk.storyboard */,
				38C98D5024726E5F00A499E5 /* webwk2.storyboard */,
				38C98D5F24726E6500A499E5 /* webwk3.storyboard */,
			);
			path = Index;
			sourceTree = "<group>";
		};
		3878AC441EFA699A004A9DC3 /* Reachability */ = {
			isa = PBXGroup;
			children = (
				3878AC451EFA699A004A9DC3 /* Reachability.h */,
				3878AC461EFA699A004A9DC3 /* Reachability.m */,
			);
			path = Reachability;
			sourceTree = "<group>";
		};
		3878AC481EFA69D0004A9DC3 /* PlaySound */ = {
			isa = PBXGroup;
			children = (
				3878AC491EFA69D0004A9DC3 /* Objc_AudioPlay.h */,
				3878AC4A1EFA69D0004A9DC3 /* Objc_AudioPlay.m */,
			);
			path = PlaySound;
			sourceTree = "<group>";
		};
		3878AD701EFA6BE6004A9DC3 /* Objective-Zip */ = {
			isa = PBXGroup;
			children = (
				3878ADB51EFA6D42004A9DC3 /* ZipController.h */,
				3878ADB61EFA6D42004A9DC3 /* ZipController.m */,
				3878AD711EFA6BE6004A9DC3 /* MiniZip */,
				3878AD7B1EFA6BE6004A9DC3 /* Objective-Zip */,
				3878AD861EFA6BE6004A9DC3 /* ZLib */,
			);
			path = "Objective-Zip";
			sourceTree = "<group>";
		};
		3878AD711EFA6BE6004A9DC3 /* MiniZip */ = {
			isa = PBXGroup;
			children = (
				3878AD721EFA6BE6004A9DC3 /* crypt.h */,
				3878AD731EFA6BE6004A9DC3 /* ioapi.c */,
				3878AD741EFA6BE6004A9DC3 /* ioapi.h */,
				3878AD751EFA6BE6004A9DC3 /* mztools.c */,
				3878AD761EFA6BE6004A9DC3 /* mztools.h */,
				3878AD771EFA6BE6004A9DC3 /* unzip.c */,
				3878AD781EFA6BE6004A9DC3 /* unzip.h */,
				3878AD791EFA6BE6004A9DC3 /* zip.c */,
				3878AD7A1EFA6BE6004A9DC3 /* zip.h */,
			);
			path = MiniZip;
			sourceTree = "<group>";
		};
		3878AD7B1EFA6BE6004A9DC3 /* Objective-Zip */ = {
			isa = PBXGroup;
			children = (
				3878AD7C1EFA6BE6004A9DC3 /* FileInZipInfo.h */,
				3878AD7D1EFA6BE6004A9DC3 /* FileInZipInfo.m */,
				3878AD7E1EFA6BE6004A9DC3 /* ZipException.h */,
				3878AD7F1EFA6BE6004A9DC3 /* ZipException.m */,
				3878AD801EFA6BE6004A9DC3 /* ZipFile.h */,
				3878AD811EFA6BE6004A9DC3 /* ZipFile.m */,
				3878AD821EFA6BE6004A9DC3 /* ZipReadStream.h */,
				3878AD831EFA6BE6004A9DC3 /* ZipReadStream.m */,
				3878AD841EFA6BE6004A9DC3 /* ZipWriteStream.h */,
				3878AD851EFA6BE6004A9DC3 /* ZipWriteStream.m */,
			);
			path = "Objective-Zip";
			sourceTree = "<group>";
		};
		3878AD861EFA6BE6004A9DC3 /* ZLib */ = {
			isa = PBXGroup;
			children = (
				3878AD871EFA6BE6004A9DC3 /* adler32.c */,
				3878AD881EFA6BE6004A9DC3 /* compress.c */,
				3878AD891EFA6BE6004A9DC3 /* crc32.c */,
				3878AD8A1EFA6BE6004A9DC3 /* crc32.h */,
				3878AD8B1EFA6BE6004A9DC3 /* deflate.c */,
				3878AD8C1EFA6BE6004A9DC3 /* deflate.h */,
				3878AD8D1EFA6BE6004A9DC3 /* gzio.c */,
				3878AD8E1EFA6BE6004A9DC3 /* infback.c */,
				3878AD8F1EFA6BE6004A9DC3 /* inffast.c */,
				3878AD901EFA6BE6004A9DC3 /* inffast.h */,
				3878AD911EFA6BE6004A9DC3 /* inffixed.h */,
				3878AD921EFA6BE6004A9DC3 /* inflate.c */,
				3878AD931EFA6BE6004A9DC3 /* inflate.h */,
				3878AD941EFA6BE6004A9DC3 /* inftrees.c */,
				3878AD951EFA6BE6004A9DC3 /* inftrees.h */,
				3878AD961EFA6BE6004A9DC3 /* trees.c */,
				3878AD971EFA6BE6004A9DC3 /* trees.h */,
				3878AD981EFA6BE6004A9DC3 /* uncompr.c */,
				3878AD991EFA6BE6004A9DC3 /* zconf.h */,
				3878AD9A1EFA6BE6004A9DC3 /* zlib.h */,
				3878AD9B1EFA6BE6004A9DC3 /* zutil.c */,
				3878AD9C1EFA6BE6004A9DC3 /* zutil.h */,
			);
			path = ZLib;
			sourceTree = "<group>";
		};
		3878ADC51EFA7426004A9DC3 /* Frameworks */ = {
			isa = PBXGroup;
			children = (
				11C08EE624A1F5B100FA9DED /* CoreTelephony.framework */,
				11C08EE424A1F55C00FA9DED /* libc++.tbd */,
				3878ADC81EFA7432004A9DC3 /* AudioUnit.framework */,
				3878ADC61EFA7426004A9DC3 /* AudioToolbox.framework */,
			);
			name = Frameworks;
			sourceTree = "<group>";
		};
		389028DE246C175800F598B1 /* EGOTableViewPullRefresh */ = {
			isa = PBXGroup;
			children = (
				389028DF246C175800F598B1 /* Classes */,
				389028E3246C175800F598B1 /* Resources */,
			);
			path = EGOTableViewPullRefresh;
			sourceTree = "<group>";
		};
		389028DF246C175800F598B1 /* Classes */ = {
			isa = PBXGroup;
			children = (
				389028E0246C175800F598B1 /* View */,
			);
			path = Classes;
			sourceTree = "<group>";
		};
		389028E0246C175800F598B1 /* View */ = {
			isa = PBXGroup;
			children = (
				389028E1246C175800F598B1 /* EGORefreshTableHeaderView.m */,
				389028E2246C175800F598B1 /* EGORefreshTableHeaderView.h */,
			);
			path = View;
			sourceTree = "<group>";
		};
		389028E3246C175800F598B1 /* Resources */ = {
			isa = PBXGroup;
			children = (
				389028E4246C175800F598B1 /* blackArrow.png */,
				389028E5246C175800F598B1 /* blueArrow@2x.png */,
				389028E6246C175800F598B1 /* grayArrow.png */,
				389028E7246C175800F598B1 /* whiteArrow@2x.png */,
				389028E8246C175800F598B1 /* whiteArrow.png */,
				389028E9246C175800F598B1 /* blackArrow@2x.png */,
				389028EA246C175800F598B1 /* blueArrow.png */,
				389028EB246C175800F598B1 /* grayArrow@2x.png */,
			);
			path = Resources;
			sourceTree = "<group>";
		};
		389028F5246C240E00F598B1 /* MJRefresh */ = {
			isa = PBXGroup;
			children = (
				389029B1246C256400F598B1 /* MJRefreshExample.xcodeproj */,
			);
			path = MJRefresh;
			sourceTree = "<group>";
		};
		389029B2246C256400F598B1 /* Products */ = {
			isa = PBXGroup;
			children = (
				389029B8246C256500F598B1 /* MJRefreshExample.app */,
				389029BA246C256500F598B1 /* MJRefreshExampleTests.xctest */,
				389029BC246C256500F598B1 /* MJRefresh.framework */,
			);
			name = Products;
			sourceTree = "<group>";
		};
		38A7600D236008620007714D /* Products */ = {
			isa = PBXGroup;
			children = (
				38A76017236008620007714D /* AFNetworking.framework */,
				38A76019236008620007714D /* AFNetworking.framework */,
				38A7601B236008620007714D /* AFNetworking.framework */,
				38A7601D236008620007714D /* AFNetworking.framework */,
				38A7601F236008620007714D /* AFNetworking iOS Tests.xctest */,
				38A76021236008620007714D /* AFNetworking Mac OS X Tests.xctest */,
				38A76023236008620007714D /* AFNetworking tvOS Tests.xctest */,
			);
			name = Products;
			sourceTree = "<group>";
		};
		38E651291F0E478E00301D8E /* SVProgressHUD */ = {
			isa = PBXGroup;
			children = (
				38E6512A1F0E478E00301D8E /* SVIndefiniteAnimatedView.h */,
				38E6512B1F0E478E00301D8E /* SVIndefiniteAnimatedView.m */,
				38E6512C1F0E478E00301D8E /* SVProgressAnimatedView.h */,
				38E6512D1F0E478E00301D8E /* SVProgressAnimatedView.m */,
				38E6512E1F0E478E00301D8E /* SVProgressHUD-Prefix.pch */,
				38E6512F1F0E478E00301D8E /* SVProgressHUD.bundle */,
				38E651301F0E478E00301D8E /* SVProgressHUD.h */,
				38E651311F0E478E00301D8E /* SVProgressHUD.m */,
				38E651321F0E478E00301D8E /* SVRadialGradientLayer.h */,
				38E651331F0E478E00301D8E /* SVRadialGradientLayer.m */,
			);
			path = SVProgressHUD;
			sourceTree = "<group>";
		};
		38E651441F0E520600301D8E /* MBProgressHUD */ = {
			isa = PBXGroup;
			children = (
				38E651451F0E520600301D8E /* MBProgressHUD+Add.h */,
				38E651461F0E520600301D8E /* MBProgressHUD+Add.m */,
				38E651471F0E520600301D8E /* MBProgressHUD.h */,
				38E651481F0E520600301D8E /* MBProgressHUD.m */,
			);
			path = MBProgressHUD;
			sourceTree = "<group>";
		};
		38E8F40D1A86318400561E07 = {
			isa = PBXGroup;
			children = (
				386537CF1BBF99B400278D97 /* AddressBook.framework */,
				386537D01BBF99B400278D97 /* AddressBookUI.framework */,
				3804AB691BA2E89B000F636A /* SystemConfiguration.framework */,
				3831555B1ADB740E0024E504 /* QuartzCore.framework */,
				380678DA1BB2F53A004F79A1 /* CoreMedia.framework */,
				380678D81BB2F510004F79A1 /* CoreGraphics.framework */,
				380678D61BB2F505004F79A1 /* AVFoundation.framework */,
				380678D41BB2F4E0004F79A1 /* libiconv.2.4.0.tbd */,
				3816735E1BAD2F9C002BE356 /* libsqlite3.tbd */,
				386B1EB81BAA7CEC00AA4CB2 /* 3th_party */,
				38E8F4181A86318400561E07 /* code */,
				38E8F4191A86318400561E07 /* Supporting Files */,
				38E8F4171A86318400561E07 /* Products */,
				3878ADC51EFA7426004A9DC3 /* Frameworks */,
			);
			sourceTree = "<group>";
		};
		38E8F4171A86318400561E07 /* Products */ = {
			isa = PBXGroup;
			children = (
				38E8F4161A86318400561E07 /* 带车聘.app */,
				38E8F42F1A86318400561E07 /* codeTests.xctest */,
			);
			name = Products;
			sourceTree = "<group>";
		};
		38E8F4181A86318400561E07 /* code */ = {
			isa = PBXGroup;
			children = (
				11C08E7024A0B31100FA9DED /* Tool */,
				382B200F240A55F6000EBF8F /* code.entitlements */,
				382748071F0A42B9003DDFF7 /* Ext */,
				3878ABE01EFA5F2F004A9DC3 /* Index */,
				38E8F41D1A86318400561E07 /* AppDelegate.h */,
				38E8F41E1A86318400561E07 /* AppDelegate.m */,
				38F9A437248E6BE100B6AC3A /* JDDeviceUtils.h */,
				38F9A438248E6BE100B6AC3A /* JDDeviceUtils.m */,
				383C163C24A0031D006AD387 /* WKProcessPool.h */,
				383C163D24A0031D006AD387 /* WKProcessPool.m */,
				383521241E65EEF300FAA97A /* MainTabController.h */,
				383521251E65EEF300FAA97A /* MainTabController.m */,
				383521441E672FC500FAA97A /* DefineHeader.h */,
				38C98D642473E22100A499E5 /* AlertCommand.h */,
				38C98D722473E22100A499E5 /* AlertCommand.m */,
				388FE08324237C1B00816625 /* WebController.h */,
				388FE07824237C1B00816625 /* WebController.m */,
				388FE08424237C1B00816625 /* WebController.storyboard */,
				38EE72FB1EA64F0F00465632 /* Main.storyboard */,
				38E8F4281A86318400561E07 /* LaunchScreen.xib */,
				386537D91BBFC20C00278D97 /* Images.xcassets */,
			);
			path = code;
			sourceTree = "<group>";
		};
		38E8F4191A86318400561E07 /* Supporting Files */ = {
			isa = PBXGroup;
			children = (
				38E8F41A1A86318400561E07 /* Info.plist */,
				38E8F41B1A86318400561E07 /* main.m */,
				38E8F44D1A86474E00561E07 /* InfoPlist.strings */,
				38E8F44F1A864EB700561E07 /* Localizable.strings */,
				388717381C3124A10032CBF9 /* code-Bridging-Header.h */,
			);
			name = "Supporting Files";
			path = code;
			sourceTree = "<group>";
		};
/* End PBXGroup section */

/* Begin PBXNativeTarget section */
		38E8F4151A86318400561E07 /* code */ = {
			isa = PBXNativeTarget;
			buildConfigurationList = 38E8F4391A86318400561E07 /* Build configuration list for PBXNativeTarget "code" */;
			buildPhases = (
				38E8F4121A86318400561E07 /* Sources */,
				38E8F4131A86318400561E07 /* Frameworks */,
				38E8F4141A86318400561E07 /* Resources */,
				38A76026236008780007714D /* Embed Frameworks */,
			);
			buildRules = (
			);
			dependencies = (
			);
			name = code;
			productName = code;
			productReference = 38E8F4161A86318400561E07 /* 带车聘.app */;
			productType = "com.apple.product-type.application";
		};
		38E8F42E1A86318400561E07 /* codeTests */ = {
			isa = PBXNativeTarget;
			buildConfigurationList = 38E8F43C1A86318400561E07 /* Build configuration list for PBXNativeTarget "codeTests" */;
			buildPhases = (
				38E8F42B1A86318400561E07 /* Sources */,
				38E8F42C1A86318400561E07 /* Frameworks */,
				38E8F42D1A86318400561E07 /* Resources */,
			);
			buildRules = (
			);
			dependencies = (
				38E8F4311A86318400561E07 /* PBXTargetDependency */,
			);
			name = codeTests;
			productName = codeTests;
			productReference = 38E8F42F1A86318400561E07 /* codeTests.xctest */;
			productType = "com.apple.product-type.bundle.unit-test";
		};
/* End PBXNativeTarget section */

/* Begin PBXProject section */
		38E8F40E1A86318400561E07 /* Project object */ = {
			isa = PBXProject;
			attributes = {
				LastSwiftUpdateCheck = 0720;
				LastUpgradeCheck = 1110;
				ORGANIZATIONNAME = Han.zhihong;
				TargetAttributes = {
					38E8F4151A86318400561E07 = {
						CreatedOnToolsVersion = 6.1.1;
						DevelopmentTeam = 82U6XT557T;
						ProvisioningStyle = Automatic;
					};
					38E8F42E1A86318400561E07 = {
						CreatedOnToolsVersion = 6.1.1;
						DevelopmentTeam = 82U6XT557T;
						TestTargetID = 38E8F4151A86318400561E07;
					};
				};
			};
			buildConfigurationList = 38E8F4111A86318400561E07 /* Build configuration list for PBXProject "home" */;
			compatibilityVersion = "Xcode 3.2";
			developmentRegion = en;
			hasScannedForEncodings = 0;
			knownRegions = (
				en,
				Base,
			);
			mainGroup = 38E8F40D1A86318400561E07;
			productRefGroup = 38E8F4171A86318400561E07 /* Products */;
			projectDirPath = "";
			projectReferences = (
				{
					ProductGroup = 38A7600D236008620007714D /* Products */;
					ProjectRef = 38A7600C236008620007714D /* AFNetworking.xcodeproj */;
				},
				{
					ProductGroup = 389029B2246C256400F598B1 /* Products */;
					ProjectRef = 389029B1246C256400F598B1 /* MJRefreshExample.xcodeproj */;
				},
			);
			projectRoot = "";
			targets = (
				38E8F4151A86318400561E07 /* code */,
				38E8F42E1A86318400561E07 /* codeTests */,
			);
		};
/* End PBXProject section */

/* Begin PBXReferenceProxy section */
		389029B8246C256500F598B1 /* MJRefreshExample.app */ = {
			isa = PBXReferenceProxy;
			fileType = wrapper.application;
			path = MJRefreshExample.app;
			remoteRef = 389029B7246C256500F598B1 /* PBXContainerItemProxy */;
			sourceTree = BUILT_PRODUCTS_DIR;
		};
		389029BA246C256500F598B1 /* MJRefreshExampleTests.xctest */ = {
			isa = PBXReferenceProxy;
			fileType = wrapper.cfbundle;
			path = MJRefreshExampleTests.xctest;
			remoteRef = 389029B9246C256500F598B1 /* PBXContainerItemProxy */;
			sourceTree = BUILT_PRODUCTS_DIR;
		};
		389029BC246C256500F598B1 /* MJRefresh.framework */ = {
			isa = PBXReferenceProxy;
			fileType = wrapper.framework;
			path = MJRefresh.framework;
			remoteRef = 389029BB246C256500F598B1 /* PBXContainerItemProxy */;
			sourceTree = BUILT_PRODUCTS_DIR;
		};
		38A76017236008620007714D /* AFNetworking.framework */ = {
			isa = PBXReferenceProxy;
			fileType = wrapper.framework;
			path = AFNetworking.framework;
			remoteRef = 38A76016236008620007714D /* PBXContainerItemProxy */;
			sourceTree = BUILT_PRODUCTS_DIR;
		};
		38A76019236008620007714D /* AFNetworking.framework */ = {
			isa = PBXReferenceProxy;
			fileType = wrapper.framework;
			path = AFNetworking.framework;
			remoteRef = 38A76018236008620007714D /* PBXContainerItemProxy */;
			sourceTree = BUILT_PRODUCTS_DIR;
		};
		38A7601B236008620007714D /* AFNetworking.framework */ = {
			isa = PBXReferenceProxy;
			fileType = wrapper.framework;
			path = AFNetworking.framework;
			remoteRef = 38A7601A236008620007714D /* PBXContainerItemProxy */;
			sourceTree = BUILT_PRODUCTS_DIR;
		};
		38A7601D236008620007714D /* AFNetworking.framework */ = {
			isa = PBXReferenceProxy;
			fileType = wrapper.framework;
			path = AFNetworking.framework;
			remoteRef = 38A7601C236008620007714D /* PBXContainerItemProxy */;
			sourceTree = BUILT_PRODUCTS_DIR;
		};
		38A7601F236008620007714D /* AFNetworking iOS Tests.xctest */ = {
			isa = PBXReferenceProxy;
			fileType = wrapper.cfbundle;
			path = "AFNetworking iOS Tests.xctest";
			remoteRef = 38A7601E236008620007714D /* PBXContainerItemProxy */;
			sourceTree = BUILT_PRODUCTS_DIR;
		};
		38A76021236008620007714D /* AFNetworking Mac OS X Tests.xctest */ = {
			isa = PBXReferenceProxy;
			fileType = wrapper.cfbundle;
			path = "AFNetworking Mac OS X Tests.xctest";
			remoteRef = 38A76020236008620007714D /* PBXContainerItemProxy */;
			sourceTree = BUILT_PRODUCTS_DIR;
		};
		38A76023236008620007714D /* AFNetworking tvOS Tests.xctest */ = {
			isa = PBXReferenceProxy;
			fileType = wrapper.cfbundle;
			path = "AFNetworking tvOS Tests.xctest";
			remoteRef = 38A76022236008620007714D /* PBXContainerItemProxy */;
			sourceTree = BUILT_PRODUCTS_DIR;
		};
/* End PBXReferenceProxy section */

/* Begin PBXResourcesBuildPhase section */
		38E8F4141A86318400561E07 /* Resources */ = {
			isa = PBXResourcesBuildPhase;
			buildActionMask = 2147483647;
			files = (
				389028EE246C175800F598B1 /* blueArrow@2x.png in Resources */,
				38E8F44E1A86474E00561E07 /* InfoPlist.strings in Resources */,
				389028ED246C175800F598B1 /* blackArrow.png in Resources */,
				389028F3246C175800F598B1 /* blueArrow.png in Resources */,
				3880129D241D0A3A008F2A8A /* webwk.storyboard in Resources */,
				38E8F4501A864EB700561E07 /* Localizable.strings in Resources */,
				389028F0246C175800F598B1 /* whiteArrow@2x.png in Resources */,
				388FE08624237C1B00816625 /* WebController.storyboard in Resources */,
				386537DA1BBFC20C00278D97 /* Images.xcassets in Resources */,
				38E8F42A1A86318400561E07 /* LaunchScreen.xib in Resources */,
				38EE72FD1EA64F0F00465632 /* Main.storyboard in Resources */,
				38C98D5E24726E5F00A499E5 /* webwk2.storyboard in Resources */,
				389028F1246C175800F598B1 /* whiteArrow.png in Resources */,
				38C98D6024726E6500A499E5 /* webwk3.storyboard in Resources */,
				389028EF246C175800F598B1 /* grayArrow.png in Resources */,
				389028F2246C175800F598B1 /* blackArrow@2x.png in Resources */,
				11C08EE224A1F54500FA9DED /* README.txt in Resources */,
				38E651381F0E478E00301D8E /* SVProgressHUD.bundle in Resources */,
				389028F4246C175800F598B1 /* grayArrow@2x.png in Resources */,
			);
			runOnlyForDeploymentPostprocessing = 0;
		};
		38E8F42D1A86318400561E07 /* Resources */ = {
			isa = PBXResourcesBuildPhase;
			buildActionMask = 2147483647;
			files = (
			);
			runOnlyForDeploymentPostprocessing = 0;
		};
/* End PBXResourcesBuildPhase section */

/* Begin PBXSourcesBuildPhase section */
		38E8F4121A86318400561E07 /* Sources */ = {
			isa = PBXSourcesBuildPhase;
			buildActionMask = 2147483647;
			files = (
				38177B6123B44D4B00FF06D3 /* NSArray+MASAdditions.m in Sources */,
				38E651491F0E520600301D8E /* MBProgressHUD+Add.m in Sources */,
				3878ADA01EFA6BE6004A9DC3 /* zip.c in Sources */,
				3878ADAE1EFA6BE6004A9DC3 /* inftrees.c in Sources */,
				11C08E8324A0B31100FA9DED /* StartupPageController.m in Sources */,
				3846F0EC1FC28DE900C13116 /* HelpHeader.m in Sources */,
				3878ADB71EFA6D42004A9DC3 /* ZipController.m in Sources */,
				3878ADAB1EFA6BE6004A9DC3 /* infback.c in Sources */,
				3878ADA41EFA6BE6004A9DC3 /* ZipReadStream.m in Sources */,
				38503F131FDE365600B41649 /* ExtButtonStyle.m in Sources */,
				3878AC471EFA699A004A9DC3 /* Reachability.m in Sources */,
				383521261E65EEF300FAA97A /* MainTabController.m in Sources */,
				38177B5E23B44D4B00FF06D3 /* MASCompositeConstraint.m in Sources */,
				389028EC246C175800F598B1 /* EGORefreshTableHeaderView.m in Sources */,
				3880129E241D0A3A008F2A8A /* IndexController.m in Sources */,
				38E6513B1F0E478E00301D8E /* UIView+LayerProperty.m in Sources */,
				38177B6323B44D4B00FF06D3 /* MASConstraint.m in Sources */,
				3878AD9D1EFA6BE6004A9DC3 /* ioapi.c in Sources */,
				383C163E24A0031D006AD387 /* WKProcessPool.m in Sources */,
				3878ADA91EFA6BE6004A9DC3 /* deflate.c in Sources */,
				3878AD9E1EFA6BE6004A9DC3 /* mztools.c in Sources */,
				11C08EE124A1F54500FA9DED /* WXApiManager.m in Sources */,
				3827480F1F0A42B9003DDFF7 /* UIBarButtonItem+Global.m in Sources */,
				382748111F0A42B9003DDFF7 /* UIViewController+BackButtonHandler.m in Sources */,
				3878ADAA1EFA6BE6004A9DC3 /* gzio.c in Sources */,
				3878ADA71EFA6BE6004A9DC3 /* compress.c in Sources */,
				38177B6523B44D4B00FF06D3 /* MASViewAttribute.m in Sources */,
				3878ADA61EFA6BE6004A9DC3 /* adler32.c in Sources */,
				38177B6423B44D4B00FF06D3 /* MASViewConstraint.m in Sources */,
				38E651371F0E478E00301D8E /* SVProgressAnimatedView.m in Sources */,
				3878ADA21EFA6BE6004A9DC3 /* ZipException.m in Sources */,
				3818A12B1F65E01300C0DCF7 /* MD5File.m in Sources */,
				3878ADAD1EFA6BE6004A9DC3 /* inflate.c in Sources */,
				38177B6223B44D4B00FF06D3 /* View+MASAdditions.m in Sources */,
				38177B6023B44D4B00FF06D3 /* MASLayoutConstraint.m in Sources */,
				38177B5D23B44D4B00FF06D3 /* ViewController+MASAdditions.m in Sources */,
				3878ADA31EFA6BE6004A9DC3 /* ZipFile.m in Sources */,
				385E64331EA74C6C0058460D /* WebProc.m in Sources */,
				38C98D732473E22100A499E5 /* AlertCommand.m in Sources */,
				388FE08524237C1B00816625 /* WebController.m in Sources */,
				38F9A439248E6BE100B6AC3A /* JDDeviceUtils.m in Sources */,
				38E6514A1F0E520600301D8E /* MBProgressHUD.m in Sources */,
				3878AC4B1EFA69D0004A9DC3 /* Objc_AudioPlay.m in Sources */,
				38E651361F0E478E00301D8E /* SVIndefiniteAnimatedView.m in Sources */,
				38E8F41F1A86318400561E07 /* AppDelegate.m in Sources */,
				38177B5F23B44D4B00FF06D3 /* MASConstraintMaker.m in Sources */,
				3878ADAC1EFA6BE6004A9DC3 /* inffast.c in Sources */,
				38D3C7CB1FAF599800CB8C8F /* McuGlobalParameter.m in Sources */,
				389028C0246C0D4E00F598B1 /* MyPController.m in Sources */,
				38E8F41C1A86318400561E07 /* main.m in Sources */,
				38E651391F0E478E00301D8E /* SVProgressHUD.m in Sources */,
				38177B5C23B44D4B00FF06D3 /* NSLayoutConstraint+MASDebugAdditions.m in Sources */,
				3878ADA81EFA6BE6004A9DC3 /* crc32.c in Sources */,
				3878ADB11EFA6BE6004A9DC3 /* zutil.c in Sources */,
				3878AD9F1EFA6BE6004A9DC3 /* unzip.c in Sources */,
				3878ADA11EFA6BE6004A9DC3 /* FileInZipInfo.m in Sources */,
				3878ADB01EFA6BE6004A9DC3 /* uncompr.c in Sources */,
				38EE73081EA64FDD00465632 /* VipController.m in Sources */,
				38503F291FDFB3BE00B41649 /* JSONKit.m in Sources */,
				382748101F0A42B9003DDFF7 /* UIImageExt.m in Sources */,
				3878ADA51EFA6BE6004A9DC3 /* ZipWriteStream.m in Sources */,
				38E6513A1F0E478E00301D8E /* SVRadialGradientLayer.m in Sources */,
				3878ADAF1EFA6BE6004A9DC3 /* trees.c in Sources */,
			);
			runOnlyForDeploymentPostprocessing = 0;
		};
		38E8F42B1A86318400561E07 /* Sources */ = {
			isa = PBXSourcesBuildPhase;
			buildActionMask = 2147483647;
			files = (
			);
			runOnlyForDeploymentPostprocessing = 0;
		};
/* End PBXSourcesBuildPhase section */

/* Begin PBXTargetDependency section */
		38E8F4311A86318400561E07 /* PBXTargetDependency */ = {
			isa = PBXTargetDependency;
			target = 38E8F4151A86318400561E07 /* code */;
			targetProxy = 38E8F4301A86318400561E07 /* PBXContainerItemProxy */;
		};
/* End PBXTargetDependency section */

/* Begin PBXVariantGroup section */
		38E8F4281A86318400561E07 /* LaunchScreen.xib */ = {
			isa = PBXVariantGroup;
			children = (
				38E8F4291A86318400561E07 /* Base */,
			);
			name = LaunchScreen.xib;
			sourceTree = "<group>";
		};
		38EE72FB1EA64F0F00465632 /* Main.storyboard */ = {
			isa = PBXVariantGroup;
			children = (
				38EE72FC1EA64F0F00465632 /* Base */,
			);
			name = Main.storyboard;
			sourceTree = "<group>";
		};
/* End PBXVariantGroup section */

/* Begin XCBuildConfiguration section */
		38E8F4371A86318400561E07 /* Debug */ = {
			isa = XCBuildConfiguration;
			buildSettings = {
				ALWAYS_SEARCH_USER_PATHS = NO;
				CLANG_ANALYZER_LOCALIZABILITY_NONLOCALIZED = YES;
				CLANG_CXX_LANGUAGE_STANDARD = "gnu++0x";
				CLANG_CXX_LIBRARY = "libc++";
				CLANG_ENABLE_MODULES = YES;
				CLANG_ENABLE_OBJC_ARC = YES;
				CLANG_WARN_BLOCK_CAPTURE_AUTORELEASING = YES;
				CLANG_WARN_BOOL_CONVERSION = YES;
				CLANG_WARN_COMMA = YES;
				CLANG_WARN_CONSTANT_CONVERSION = YES;
				CLANG_WARN_DEPRECATED_OBJC_IMPLEMENTATIONS = YES;
				CLANG_WARN_DIRECT_OBJC_ISA_USAGE = YES_ERROR;
				CLANG_WARN_EMPTY_BODY = YES;
				CLANG_WARN_ENUM_CONVERSION = YES;
				CLANG_WARN_INFINITE_RECURSION = YES;
				CLANG_WARN_INT_CONVERSION = YES;
				CLANG_WARN_NON_LITERAL_NULL_CONVERSION = YES;
				CLANG_WARN_OBJC_IMPLICIT_RETAIN_SELF = YES;
				CLANG_WARN_OBJC_LITERAL_CONVERSION = YES;
				CLANG_WARN_OBJC_ROOT_CLASS = YES_ERROR;
				CLANG_WARN_RANGE_LOOP_ANALYSIS = YES;
				CLANG_WARN_STRICT_PROTOTYPES = YES;
				CLANG_WARN_SUSPICIOUS_MOVE = YES;
				CLANG_WARN_UNREACHABLE_CODE = YES;
				CLANG_WARN__DUPLICATE_METHOD_MATCH = YES;
				CODE_SIGN_IDENTITY = "iPhone Developer";
				"CODE_SIGN_IDENTITY[sdk=iphoneos*]" = "iPhone Developer";
				COPY_PHASE_STRIP = NO;
				ENABLE_STRICT_OBJC_MSGSEND = YES;
				ENABLE_TESTABILITY = YES;
				GCC_C_LANGUAGE_STANDARD = gnu99;
				GCC_DYNAMIC_NO_PIC = NO;
				GCC_NO_COMMON_BLOCKS = YES;
				GCC_OPTIMIZATION_LEVEL = 0;
				GCC_PREPROCESSOR_DEFINITIONS = (
					"DEBUG=1",
					"$(inherited)",
				);
				GCC_SYMBOLS_PRIVATE_EXTERN = NO;
				GCC_WARN_64_TO_32_BIT_CONVERSION = YES;
				GCC_WARN_ABOUT_RETURN_TYPE = YES_ERROR;
				GCC_WARN_UNDECLARED_SELECTOR = YES;
				GCC_WARN_UNINITIALIZED_AUTOS = YES_AGGRESSIVE;
				GCC_WARN_UNUSED_FUNCTION = YES;
				GCC_WARN_UNUSED_VARIABLE = YES;
				HEADER_SEARCH_PATHS = (
					"$(inherited)",
					/Applications/Xcode.app/Contents/Developer/Toolchains/XcodeDefault.xctoolchain/usr/include,
				);
				IPHONEOS_DEPLOYMENT_TARGET = 8.0;
				MTL_ENABLE_DEBUG_INFO = YES;
				ONLY_ACTIVE_ARCH = YES;
				SDKROOT = iphoneos;
			};
			name = Debug;
		};
		38E8F4381A86318400561E07 /* Release */ = {
			isa = XCBuildConfiguration;
			buildSettings = {
				ALWAYS_SEARCH_USER_PATHS = NO;
				CLANG_ANALYZER_LOCALIZABILITY_NONLOCALIZED = YES;
				CLANG_CXX_LANGUAGE_STANDARD = "gnu++0x";
				CLANG_CXX_LIBRARY = "libc++";
				CLANG_ENABLE_MODULES = YES;
				CLANG_ENABLE_OBJC_ARC = YES;
				CLANG_WARN_BLOCK_CAPTURE_AUTORELEASING = YES;
				CLANG_WARN_BOOL_CONVERSION = YES;
				CLANG_WARN_COMMA = YES;
				CLANG_WARN_CONSTANT_CONVERSION = YES;
				CLANG_WARN_DEPRECATED_OBJC_IMPLEMENTATIONS = YES;
				CLANG_WARN_DIRECT_OBJC_ISA_USAGE = YES_ERROR;
				CLANG_WARN_EMPTY_BODY = YES;
				CLANG_WARN_ENUM_CONVERSION = YES;
				CLANG_WARN_INFINITE_RECURSION = YES;
				CLANG_WARN_INT_CONVERSION = YES;
				CLANG_WARN_NON_LITERAL_NULL_CONVERSION = YES;
				CLANG_WARN_OBJC_IMPLICIT_RETAIN_SELF = YES;
				CLANG_WARN_OBJC_LITERAL_CONVERSION = YES;
				CLANG_WARN_OBJC_ROOT_CLASS = YES_ERROR;
				CLANG_WARN_RANGE_LOOP_ANALYSIS = YES;
				CLANG_WARN_STRICT_PROTOTYPES = YES;
				CLANG_WARN_SUSPICIOUS_MOVE = YES;
				CLANG_WARN_UNREACHABLE_CODE = YES;
				CLANG_WARN__DUPLICATE_METHOD_MATCH = YES;
				CODE_SIGN_IDENTITY = "iPhone Distribution";
				"CODE_SIGN_IDENTITY[sdk=iphoneos*]" = "iPhone Distribution";
				COPY_PHASE_STRIP = YES;
				ENABLE_NS_ASSERTIONS = NO;
				ENABLE_STRICT_OBJC_MSGSEND = YES;
				GCC_C_LANGUAGE_STANDARD = gnu99;
				GCC_NO_COMMON_BLOCKS = YES;
				GCC_WARN_64_TO_32_BIT_CONVERSION = YES;
				GCC_WARN_ABOUT_RETURN_TYPE = YES_ERROR;
				GCC_WARN_UNDECLARED_SELECTOR = YES;
				GCC_WARN_UNINITIALIZED_AUTOS = YES_AGGRESSIVE;
				GCC_WARN_UNUSED_FUNCTION = YES;
				GCC_WARN_UNUSED_VARIABLE = YES;
				HEADER_SEARCH_PATHS = (
					"$(inherited)",
					/Applications/Xcode.app/Contents/Developer/Toolchains/XcodeDefault.xctoolchain/usr/include,
				);
				IPHONEOS_DEPLOYMENT_TARGET = 8.0;
				MTL_ENABLE_DEBUG_INFO = NO;
				SDKROOT = iphoneos;
				VALIDATE_PRODUCT = YES;
			};
			name = Release;
		};
		38E8F43A1A86318400561E07 /* Debug */ = {
			isa = XCBuildConfiguration;
			buildSettings = {
				ASSETCATALOG_COMPILER_APPICON_NAME = AppIcon;
				CLANG_ENABLE_MODULES = YES;
				CODE_SIGN_ENTITLEMENTS = code/code.entitlements;
				CODE_SIGN_IDENTITY = "Apple Development";
				"CODE_SIGN_IDENTITY[sdk=iphoneos*]" = "iPhone Developer";
				CODE_SIGN_STYLE = Automatic;
				CURRENT_PROJECT_VERSION = 7;
				DEVELOPMENT_ASSET_PATHS = "";
				DEVELOPMENT_TEAM = 82U6XT557T;
				ENABLE_BITCODE = NO;
				FRAMEWORK_SEARCH_PATHS = (
					"$(inherited)",
					"$(PROJECT_DIR)/3th_party",
				);
				HEADER_SEARCH_PATHS = (
					"$(inherited)",
					/Applications/Xcode.app/Contents/Developer/Toolchains/XcodeDefault.xctoolchain/usr/include,
				);
				INFOPLIST_FILE = code/Info.plist;
				IPHONEOS_DEPLOYMENT_TARGET = 8.0;
				LD_RUNPATH_SEARCH_PATHS = "$(inherited) @executable_path/Frameworks";
				LIBRARY_SEARCH_PATHS = (
					"$(inherited)",
					"$(PROJECT_DIR)/code/Camera/camlib/hikvision_nvr",
					"$(PROJECT_DIR)/3th_party/weixin",
				);
				MARKETING_VERSION = 1.0;
				ONLY_ACTIVE_ARCH = YES;
				OTHER_CFLAGS = "";
				PRODUCT_BUNDLE_IDENTIFIER = com.daichepin.ios;
				PRODUCT_NAME = "带车聘";
				PROVISIONING_PROFILE = "";
				PROVISIONING_PROFILE_SPECIFIER = "";
				SWIFT_OBJC_BRIDGING_HEADER = "code/code-Bridging-Header.h";
				SWIFT_OPTIMIZATION_LEVEL = "-Onone";
				SYSTEM_FRAMEWORK_SEARCH_PATHS = "\"$(SRCROOT)/3th_party/libHxkNet.framework\" \"$(SRCROOT)/3th_party/AFNetworking.framework\" \"$(SRCROOT)/3th_party/libxmap.framework\" \"$(SRCROOT)/3th_party/MJRefresh.framework\"";
				SYSTEM_HEADER_SEARCH_PATHS = "\"$(SRCROOT)/3th_party/AFNetworking-master/AFNetworking\" \"$(SRCROOT)/3th_party/AFNetworking-master/UIKit+AFNetworking\" \"$(SRCROOT)/3th_party/AFNetworking-master/Framework\" \"$(SRCROOT)/3th_party/MJRefresh";
				USER_HEADER_SEARCH_PATHS = "\"$(SRCROOT)/3th_party/zbar-code/iphone/include\" \"$(SRCROOT)/3th_party/zbar-code/include\"";
				VALID_ARCHS = "arm64 arm64e armv7 armv7s";
			};
			name = Debug;
		};
		38E8F43B1A86318400561E07 /* Release */ = {
			isa = XCBuildConfiguration;
			buildSettings = {
				ASSETCATALOG_COMPILER_APPICON_NAME = AppIcon;
				CLANG_ENABLE_MODULES = YES;
				CODE_SIGN_ENTITLEMENTS = code/code.entitlements;
				CODE_SIGN_IDENTITY = "Apple Development";
				"CODE_SIGN_IDENTITY[sdk=iphoneos*]" = "iPhone Developer";
				CODE_SIGN_STYLE = Automatic;
				CURRENT_PROJECT_VERSION = 7;
				DEVELOPMENT_ASSET_PATHS = "";
				DEVELOPMENT_TEAM = 82U6XT557T;
				ENABLE_BITCODE = NO;
				FRAMEWORK_SEARCH_PATHS = (
					"$(inherited)",
					"$(PROJECT_DIR)/3th_party",
				);
				HEADER_SEARCH_PATHS = (
					"$(inherited)",
					/Applications/Xcode.app/Contents/Developer/Toolchains/XcodeDefault.xctoolchain/usr/include,
				);
				INFOPLIST_FILE = code/Info.plist;
				IPHONEOS_DEPLOYMENT_TARGET = 8.0;
				LD_RUNPATH_SEARCH_PATHS = "$(inherited) @executable_path/Frameworks";
				LIBRARY_SEARCH_PATHS = (
					"$(inherited)",
					"$(PROJECT_DIR)/code/Camera/camlib/hikvision_nvr",
					"$(PROJECT_DIR)/3th_party/weixin",
				);
				MARKETING_VERSION = 1.0;
				ONLY_ACTIVE_ARCH = YES;
				OTHER_CFLAGS = "";
				PRODUCT_BUNDLE_IDENTIFIER = com.daichepin.ios;
				PRODUCT_NAME = "带车聘";
				PROVISIONING_PROFILE = "";
				PROVISIONING_PROFILE_SPECIFIER = "";
				SWIFT_OBJC_BRIDGING_HEADER = "code/code-Bridging-Header.h";
				SYSTEM_FRAMEWORK_SEARCH_PATHS = "\"$(SRCROOT)/3th_party/libHxkNet.framework\" \"$(SRCROOT)/3th_party/AFNetworking.framework\" \"$(SRCROOT)/3th_party/libxmap.framework\" \"$(SRCROOT)/3th_party/MJRefresh.framework\"";
				SYSTEM_HEADER_SEARCH_PATHS = "\"$(SRCROOT)/3th_party/AFNetworking-master/AFNetworking\" \"$(SRCROOT)/3th_party/AFNetworking-master/UIKit+AFNetworking\" \"$(SRCROOT)/3th_party/AFNetworking-master/Framework\" \"$(SRCROOT)/3th_party/MJRefresh";
				USER_HEADER_SEARCH_PATHS = "\"$(SRCROOT)/3th_party/zbar-code/iphone/include\" \"$(SRCROOT)/3th_party/zbar-code/include\"";
				VALID_ARCHS = "arm64 arm64e armv7 armv7s";
			};
			name = Release;
		};
		38E8F43D1A86318400561E07 /* Debug */ = {
			isa = XCBuildConfiguration;
			buildSettings = {
				BUNDLE_LOADER = "$(TEST_HOST)";
				DEVELOPMENT_TEAM = 82U6XT557T;
				FRAMEWORK_SEARCH_PATHS = (
					"$(SDKROOT)/Developer/Library/Frameworks",
					"$(inherited)",
				);
				GCC_PREPROCESSOR_DEFINITIONS = (
					"DEBUG=1",
					"$(inherited)",
				);
				INFOPLIST_FILE = codeTests/Info.plist;
				LD_RUNPATH_SEARCH_PATHS = "$(inherited) @executable_path/Frameworks @loader_path/Frameworks";
				PRODUCT_NAME = "$(TARGET_NAME)";
				TEST_HOST = "$(BUILT_PRODUCTS_DIR)/code.app/code";
			};
			name = Debug;
		};
		38E8F43E1A86318400561E07 /* Release */ = {
			isa = XCBuildConfiguration;
			buildSettings = {
				BUNDLE_LOADER = "$(TEST_HOST)";
				DEVELOPMENT_TEAM = 82U6XT557T;
				FRAMEWORK_SEARCH_PATHS = (
					"$(SDKROOT)/Developer/Library/Frameworks",
					"$(inherited)",
				);
				INFOPLIST_FILE = codeTests/Info.plist;
				LD_RUNPATH_SEARCH_PATHS = "$(inherited) @executable_path/Frameworks @loader_path/Frameworks";
				PRODUCT_NAME = "$(TARGET_NAME)";
				TEST_HOST = "$(BUILT_PRODUCTS_DIR)/code.app/code";
			};
			name = Release;
		};
/* End XCBuildConfiguration section */

/* Begin XCConfigurationList section */
		38E8F4111A86318400561E07 /* Build configuration list for PBXProject "home" */ = {
			isa = XCConfigurationList;
			buildConfigurations = (
				38E8F4371A86318400561E07 /* Debug */,
				38E8F4381A86318400561E07 /* Release */,
			);
			defaultConfigurationIsVisible = 0;
			defaultConfigurationName = Release;
		};
		38E8F4391A86318400561E07 /* Build configuration list for PBXNativeTarget "code" */ = {
			isa = XCConfigurationList;
			buildConfigurations = (
				38E8F43A1A86318400561E07 /* Debug */,
				38E8F43B1A86318400561E07 /* Release */,
			);
			defaultConfigurationIsVisible = 0;
			defaultConfigurationName = Release;
		};
		38E8F43C1A86318400561E07 /* Build configuration list for PBXNativeTarget "codeTests" */ = {
			isa = XCConfigurationList;
			buildConfigurations = (
				38E8F43D1A86318400561E07 /* Debug */,
				38E8F43E1A86318400561E07 /* Release */,
			);
			defaultConfigurationIsVisible = 0;
			defaultConfigurationName = Release;
		};
/* End XCConfigurationList section */
	};
	rootObject = 38E8F40E1A86318400561E07 /* Project object */;
}
